{
  "object": {
    "pins": [
      {
        "package": "WeatherFramework",
        "repositoryURL": "git@github.com:Drvolks/WeatherFramework.git",
        "state": {
          "branch": null,
          "revision": "d6175b2b65fdf375dfe80adb3caf2ce172574446",
          "version": "1.0.4"
        }
      }
    ]
  },
  "version": 1
}
