{
  "object": {
    "pins": [
      {
        "package": "WeatherFramework",
        "repositoryURL": "git@github.com:Drvolks/WeatherFramework.git",
        "state": {
          "branch": null,
          "revision": "9ab785a7ffb5cb0832d990f47202bb9dd0fcbdd0",
          "version": "1.0.3"
        }
      }
    ]
  },
  "version": 1
}
