{
  "object": {
    "pins": [
      {
        "package": "WeatherFramework",
        "repositoryURL": "git@github.com:Drvolks/WeatherFramework.git",
        "state": {
          "branch": "master",
          "revision": "588ae120cd92cc63ba6fb3e8b678977be0f0ea5d",
          "version": null
        }
      }
    ]
  },
  "version": 1
}
