// !$*UTF8*$!
{
	archiveVersion = 1;
	classes = {
	};
	objectVersion = 46;
	objects = {

/* Begin PBXBuildFile section */
		6E29052C1CB2D5550040EB8B /* AppDelegate.swift in Sources */ = {isa = PBXBuildFile; fileRef = 6E29052B1CB2D5550040EB8B /* AppDelegate.swift */; };
		6E29052E1CB2D5550040EB8B /* WeatherViewController.swift in Sources */ = {isa = PBXBuildFile; fileRef = 6E29052D1CB2D5550040EB8B /* WeatherViewController.swift */; };
		6E2905311CB2D5550040EB8B /* Main.storyboard in Resources */ = {isa = PBXBuildFile; fileRef = 6E29052F1CB2D5550040EB8B /* Main.storyboard */; };
		6E2905331CB2D5550040EB8B /* Assets.xcassets in Resources */ = {isa = PBXBuildFile; fileRef = 6E2905321CB2D5550040EB8B /* Assets.xcassets */; };
		6E2905361CB2D5550040EB8B /* LaunchScreen.storyboard in Resources */ = {isa = PBXBuildFile; fileRef = 6E2905341CB2D5550040EB8B /* LaunchScreen.storyboard */; };
		6E29054C1CB2D5550040EB8B /* weatherlrUITests.swift in Sources */ = {isa = PBXBuildFile; fileRef = 6E29054B1CB2D5550040EB8B /* weatherlrUITests.swift */; };
		6E39BF161CD8CDAF008CD674 /* cities6 in Resources */ = {isa = PBXBuildFile; fileRef = 6E39BF151CD8CDAF008CD674 /* cities6 */; };
		6E39BF181CDA272A008CD674 /* cities7 in Resources */ = {isa = PBXBuildFile; fileRef = 6E39BF171CDA272A008CD674 /* cities7 */; };
		6E4910A21CC59629006D3C82 /* Localizable.strings in Resources */ = {isa = PBXBuildFile; fileRef = 6E4910A41CC59629006D3C82 /* Localizable.strings */; };
		6E4910A91CC7E99A006D3C82 /* UIColorExtension.swift in Sources */ = {isa = PBXBuildFile; fileRef = 6E4910A81CC7E99A006D3C82 /* UIColorExtension.swift */; };
		6E4910BE1CC90598006D3C82 /* CityDownloader.swift in Sources */ = {isa = PBXBuildFile; fileRef = 6E4910BD1CC90598006D3C82 /* CityDownloader.swift */; };
		6E4910C41CC90AA3006D3C82 /* WeatherStatusTests.swift in Sources */ = {isa = PBXBuildFile; fileRef = 6E4910C31CC90AA3006D3C82 /* WeatherStatusTests.swift */; };
		6E4910C61CC91854006D3C82 /* TestUtils.swift in Sources */ = {isa = PBXBuildFile; fileRef = 6E4910C51CC91854006D3C82 /* TestUtils.swift */; };
		6E4910C81CC92027006D3C82 /* TestDataEntryCurrentNoObservation.xml in Resources */ = {isa = PBXBuildFile; fileRef = 6E4910C71CC92027006D3C82 /* TestDataEntryCurrentNoObservation.xml */; };
		6E4910CA1CCA561C006D3C82 /* ContactTableViewCell.swift in Sources */ = {isa = PBXBuildFile; fileRef = 6E4910C91CCA561C006D3C82 /* ContactTableViewCell.swift */; };
		6E4910CC1CCBEFCE006D3C82 /* WeatherHelper.swift in Sources */ = {isa = PBXBuildFile; fileRef = 6E4910CB1CCBEFCE006D3C82 /* WeatherHelper.swift */; };
		6E4910CE1CCC3335006D3C82 /* GradientView.swift in Sources */ = {isa = PBXBuildFile; fileRef = 6E4910CD1CCC3335006D3C82 /* GradientView.swift */; };
		6E4910D01CCD08A6006D3C82 /* ErrorViewController.swift in Sources */ = {isa = PBXBuildFile; fileRef = 6E4910CF1CCD08A6006D3C82 /* ErrorViewController.swift */; };
		6E4910D21CCD1F81006D3C82 /* DataProviderTableViewCell.swift in Sources */ = {isa = PBXBuildFile; fileRef = 6E4910D11CCD1F81006D3C82 /* DataProviderTableViewCell.swift */; };
		6E816BCF1CCD7A0100533684 /* Flag_of_Canada.png in Resources */ = {isa = PBXBuildFile; fileRef = 6E816BCC1CCD7A0100533684 /* Flag_of_Canada.png */; };
		6E816BD01CCD7A0100533684 /* Flag_of_Canada@2x.png in Resources */ = {isa = PBXBuildFile; fileRef = 6E816BCD1CCD7A0100533684 /* Flag_of_Canada@2x.png */; };
		6E816BD11CCD7A0100533684 /* Flag_of_Canada@3x.png in Resources */ = {isa = PBXBuildFile; fileRef = 6E816BCE1CCD7A0100533684 /* Flag_of_Canada@3x.png */; };
		6E816BD31CCE473E00533684 /* ExpiringCache.swift in Sources */ = {isa = PBXBuildFile; fileRef = 6E816BD21CCE473E00533684 /* ExpiringCache.swift */; };
		6E816BDA1CCF9D9400533684 /* launch@2x.png in Resources */ = {isa = PBXBuildFile; fileRef = 6E816BD71CCF9D9400533684 /* launch@2x.png */; };
		6E816BDB1CCF9D9400533684 /* launch@3x.png in Resources */ = {isa = PBXBuildFile; fileRef = 6E816BD81CCF9D9400533684 /* launch@3x.png */; };
		6E816C0D1CCFF87800533684 /* cities1 in Resources */ = {isa = PBXBuildFile; fileRef = 6E816C0C1CCFF87800533684 /* cities1 */; };
		6E816C0F1CD10E9100533684 /* launch.png in Resources */ = {isa = PBXBuildFile; fileRef = 6E816C0E1CD10E9100533684 /* launch.png */; };
		6E816C111CD231BE00533684 /* cities2 in Resources */ = {isa = PBXBuildFile; fileRef = 6E816C101CD231BE00533684 /* cities2 */; };
		6E816C131CD385DC00533684 /* cities3 in Resources */ = {isa = PBXBuildFile; fileRef = 6E816C121CD385DC00533684 /* cities3 */; };
		6E816C151CD633EE00533684 /* cities4 in Resources */ = {isa = PBXBuildFile; fileRef = 6E816C141CD633EE00533684 /* cities4 */; };
		6E816C171CD63BCF00533684 /* WeatherInformationWrapper.swift in Sources */ = {isa = PBXBuildFile; fileRef = 6E816C161CD63BCF00533684 /* WeatherInformationWrapper.swift */; };
		6E816C191CD76DBB00533684 /* cities5 in Resources */ = {isa = PBXBuildFile; fileRef = 6E816C181CD76DBB00533684 /* cities5 */; };
		6E9B63511CC593DE00B27334 /* StringExtension.swift in Sources */ = {isa = PBXBuildFile; fileRef = 6E9B63501CC593DE00B27334 /* StringExtension.swift */; };
		6E9E12B31CDB6F1700791284 /* cities8 in Resources */ = {isa = PBXBuildFile; fileRef = 6E9E12B21CDB6F1700791284 /* cities8 */; };
		6E9E12B51CDF8DAD00791284 /* cities9 in Resources */ = {isa = PBXBuildFile; fileRef = 6E9E12B41CDF8DAD00791284 /* cities9 */; };
		6E9E12B71CDF96A800791284 /* TemperatureTests.swift in Sources */ = {isa = PBXBuildFile; fileRef = 6E9E12B61CDF96A800791284 /* TemperatureTests.swift */; };
		6E9E12B91CDFC2F000791284 /* cities10 in Resources */ = {isa = PBXBuildFile; fileRef = 6E9E12B81CDFC2F000791284 /* cities10 */; };
		6E9E12BB1CE9155B00791284 /* cities11 in Resources */ = {isa = PBXBuildFile; fileRef = 6E9E12BA1CE9155A00791284 /* cities11 */; };
		6E9E12BD1CE9223D00791284 /* nl-19_French.xml in Resources */ = {isa = PBXBuildFile; fileRef = 6E9E12BC1CE9223D00791284 /* nl-19_French.xml */; };
		6E9E12C11CE92BEC00791284 /* AlertViewController.swift in Sources */ = {isa = PBXBuildFile; fileRef = 6E9E12C01CE92BEC00791284 /* AlertViewController.swift */; };
		6E9E12C31CEA012400791284 /* AlertDetailViewController.swift in Sources */ = {isa = PBXBuildFile; fileRef = 6E9E12C21CEA012400791284 /* AlertDetailViewController.swift */; };
		6E9E12C51CEA062000791284 /* TestDataEntryAlert.xml in Resources */ = {isa = PBXBuildFile; fileRef = 6E9E12C41CEA062000791284 /* TestDataEntryAlert.xml */; };
		6E9E12C71CEA0F9A00791284 /* AlertTests.swift in Sources */ = {isa = PBXBuildFile; fileRef = 6E9E12C61CEA0F9A00791284 /* AlertTests.swift */; };
		6E9E12C91CEA10D200791284 /* nu-29_English.xml in Resources */ = {isa = PBXBuildFile; fileRef = 6E9E12C81CEA10D200791284 /* nu-29_English.xml */; };
		6E9E12CB1CEA18E500791284 /* cities12 in Resources */ = {isa = PBXBuildFile; fileRef = 6E9E12CA1CEA18E500791284 /* cities12 */; };
		6E9E12CD1CEA1ED800791284 /* nu-2_French.xml in Resources */ = {isa = PBXBuildFile; fileRef = 6E9E12CC1CEA1ED800791284 /* nu-2_French.xml */; };
		6E9E12CF1CEA20D800791284 /* PreferenceHelperTests.swift in Sources */ = {isa = PBXBuildFile; fileRef = 6E9E12CE1CEA20D800791284 /* PreferenceHelperTests.swift */; };
		6E9E12D31CEA5ED000791284 /* RadarViewController.swift in Sources */ = {isa = PBXBuildFile; fileRef = 6E9E12D21CEA5ED000791284 /* RadarViewController.swift */; };
		6E9F32BE1CB3048100A9D6A7 /* RssParser.swift in Sources */ = {isa = PBXBuildFile; fileRef = 6E9F32BD1CB3048100A9D6A7 /* RssParser.swift */; };
		6E9F32C01CB3056A00A9D6A7 /* WeatherInformation.swift in Sources */ = {isa = PBXBuildFile; fileRef = 6E9F32BF1CB3056A00A9D6A7 /* WeatherInformation.swift */; };
		6E9F32C21CB305BE00A9D6A7 /* WeatherEnums.swift in Sources */ = {isa = PBXBuildFile; fileRef = 6E9F32C11CB305BE00A9D6A7 /* WeatherEnums.swift */; };
		6E9F32C61CB30A3D00A9D6A7 /* RssParserTests.swift in Sources */ = {isa = PBXBuildFile; fileRef = 6E9F32C51CB30A3D00A9D6A7 /* RssParserTests.swift */; };
		6E9F32C81CB30C6D00A9D6A7 /* WeatherInformationTests.swift in Sources */ = {isa = PBXBuildFile; fileRef = 6E9F32C71CB30C6D00A9D6A7 /* WeatherInformationTests.swift */; };
		6E9F32D21CB3116C00A9D6A7 /* TestData.xml in Resources */ = {isa = PBXBuildFile; fileRef = 6E9F32D11CB3116C00A9D6A7 /* TestData.xml */; };
		6E9F32D71CB3E91D00A9D6A7 /* RssEntry.swift in Sources */ = {isa = PBXBuildFile; fileRef = 6E9F32D61CB3E91D00A9D6A7 /* RssEntry.swift */; };
		6E9F32D91CB3EAB000A9D6A7 /* TestData_EN.xml in Resources */ = {isa = PBXBuildFile; fileRef = 6E9F32D81CB3EAB000A9D6A7 /* TestData_EN.xml */; };
		6E9F32DD1CB3F30D00A9D6A7 /* RssParserBase.swift in Sources */ = {isa = PBXBuildFile; fileRef = 6E9F32DC1CB3F30D00A9D6A7 /* RssParserBase.swift */; };
		6E9F32DF1CB3F4E700A9D6A7 /* TestDataEntry.xml in Resources */ = {isa = PBXBuildFile; fileRef = 6E9F32DE1CB3F4E700A9D6A7 /* TestDataEntry.xml */; };
		6E9F32E11CB3F55C00A9D6A7 /* RssEntryTests.swift in Sources */ = {isa = PBXBuildFile; fileRef = 6E9F32E01CB3F55C00A9D6A7 /* RssEntryTests.swift */; };
		6E9F32E61CB4009900A9D6A7 /* RssEntryToWeatherInformation.swift in Sources */ = {isa = PBXBuildFile; fileRef = 6E9F32E51CB4009900A9D6A7 /* RssEntryToWeatherInformation.swift */; };
		6E9F32E91CB4012B00A9D6A7 /* RssEntryToWeatherInformationTests.swift in Sources */ = {isa = PBXBuildFile; fileRef = 6E9F32E81CB4012B00A9D6A7 /* RssEntryToWeatherInformationTests.swift */; };
		6E9F32EB1CB4018400A9D6A7 /* RssParserStub.swift in Sources */ = {isa = PBXBuildFile; fileRef = 6E9F32EA1CB4018400A9D6A7 /* RssParserStub.swift */; };
		6E9F32ED1CB4069300A9D6A7 /* TestDataEntryCurrent.xml in Resources */ = {isa = PBXBuildFile; fileRef = 6E9F32EC1CB4069300A9D6A7 /* TestDataEntryCurrent.xml */; };
		6E9F32F11CB4457D00A9D6A7 /* TestDataEntryCurrent_EN.xml in Resources */ = {isa = PBXBuildFile; fileRef = 6E9F32F01CB4457D00A9D6A7 /* TestDataEntryCurrent_EN.xml */; };
		6E9F32F31CB4479A00A9D6A7 /* TestDataEntry_EN.xml in Resources */ = {isa = PBXBuildFile; fileRef = 6E9F32F21CB4479A00A9D6A7 /* TestDataEntry_EN.xml */; };
		6E9F32F51CB5AD3200A9D6A7 /* WeatherTableViewCell.swift in Sources */ = {isa = PBXBuildFile; fileRef = 6E9F32F41CB5AD3200A9D6A7 /* WeatherTableViewCell.swift */; };
		6E9F32F71CB6C26C00A9D6A7 /* SettingsViewController.swift in Sources */ = {isa = PBXBuildFile; fileRef = 6E9F32F61CB6C26C00A9D6A7 /* SettingsViewController.swift */; };
		6E9F32F91CB6C5AB00A9D6A7 /* CityTableViewCell.swift in Sources */ = {isa = PBXBuildFile; fileRef = 6E9F32F81CB6C5AB00A9D6A7 /* CityTableViewCell.swift */; };
		6E9F32FB1CB6C95200A9D6A7 /* City.swift in Sources */ = {isa = PBXBuildFile; fileRef = 6E9F32FA1CB6C95200A9D6A7 /* City.swift */; };
		6E9F334C1CB6F32E00A9D6A7 /* AddCityViewController.swift in Sources */ = {isa = PBXBuildFile; fileRef = 6E9F334B1CB6F32E00A9D6A7 /* AddCityViewController.swift */; };
		6E9F33501CB6FF7800A9D6A7 /* CityParser.swift in Sources */ = {isa = PBXBuildFile; fileRef = 6E9F334F1CB6FF7800A9D6A7 /* CityParser.swift */; };
		6E9F33561CB70D6300A9D6A7 /* Cities.plist in Resources */ = {isa = PBXBuildFile; fileRef = 6E9F33551CB70D6300A9D6A7 /* Cities.plist */; };
		6E9F33581CB7FB0600A9D6A7 /* Constants.swift in Sources */ = {isa = PBXBuildFile; fileRef = 6E9F33571CB7FB0600A9D6A7 /* Constants.swift */; };
		6E9F335A1CB7FCFE00A9D6A7 /* PreferenceHelper.swift in Sources */ = {isa = PBXBuildFile; fileRef = 6E9F33591CB7FCFE00A9D6A7 /* PreferenceHelper.swift */; };
		6E9F335C1CB8011B00A9D6A7 /* UrlHelper.swift in Sources */ = {isa = PBXBuildFile; fileRef = 6E9F335B1CB8011B00A9D6A7 /* UrlHelper.swift */; };
		6E9F335E1CB8588D00A9D6A7 /* AlertInformation.swift in Sources */ = {isa = PBXBuildFile; fileRef = 6E9F335D1CB8588D00A9D6A7 /* AlertInformation.swift */; };
		6E9F33601CB942C700A9D6A7 /* WeatherHeaderCell.swift in Sources */ = {isa = PBXBuildFile; fileRef = 6E9F335F1CB942C700A9D6A7 /* WeatherHeaderCell.swift */; };
		6EEBDE5F1CBC362100C5B14B /* MinMaxLabel.swift in Sources */ = {isa = PBXBuildFile; fileRef = 6EEBDE5E1CBC362100C5B14B /* MinMaxLabel.swift */; };
		6EEBDE611CC5821E00C5B14B /* LangTableViewCell.swift in Sources */ = {isa = PBXBuildFile; fileRef = 6EEBDE601CC5821E00C5B14B /* LangTableViewCell.swift */; };
/* End PBXBuildFile section */

/* Begin PBXContainerItemProxy section */
		6E29053D1CB2D5550040EB8B /* PBXContainerItemProxy */ = {
			isa = PBXContainerItemProxy;
			containerPortal = 6E2905201CB2D5550040EB8B /* Project object */;
			proxyType = 1;
			remoteGlobalIDString = 6E2905271CB2D5550040EB8B;
			remoteInfo = weatherlr;
		};
		6E2905481CB2D5550040EB8B /* PBXContainerItemProxy */ = {
			isa = PBXContainerItemProxy;
			containerPortal = 6E2905201CB2D5550040EB8B /* Project object */;
			proxyType = 1;
			remoteGlobalIDString = 6E2905271CB2D5550040EB8B;
			remoteInfo = weatherlr;
		};
/* End PBXContainerItemProxy section */

/* Begin PBXCopyFilesBuildPhase section */
		6E9F32FE1CB6D27000A9D6A7 /* CopyFiles */ = {
			isa = PBXCopyFilesBuildPhase;
			buildActionMask = 2147483647;
			dstPath = /usr/share/man/man1/;
			dstSubfolderSpec = 0;
			files = (
			);
			runOnlyForDeploymentPostprocessing = 1;
		};
		6E9F33321CB6DBCD00A9D6A7 /* Embed Frameworks */ = {
			isa = PBXCopyFilesBuildPhase;
			buildActionMask = 2147483647;
			dstPath = "";
			dstSubfolderSpec = 10;
			files = (
			);
			name = "Embed Frameworks";
			runOnlyForDeploymentPostprocessing = 0;
		};
		6E9F33421CB6E1E200A9D6A7 /* CopyFiles */ = {
			isa = PBXCopyFilesBuildPhase;
			buildActionMask = 2147483647;
			dstPath = "";
			dstSubfolderSpec = 7;
			files = (
			);
			runOnlyForDeploymentPostprocessing = 0;
		};
/* End PBXCopyFilesBuildPhase section */

/* Begin PBXFileReference section */
		6E2905281CB2D5550040EB8B /* weatherlr.app */ = {isa = PBXFileReference; explicitFileType = wrapper.application; includeInIndex = 0; path = weatherlr.app; sourceTree = BUILT_PRODUCTS_DIR; };
		6E29052B1CB2D5550040EB8B /* AppDelegate.swift */ = {isa = PBXFileReference; lastKnownFileType = sourcecode.swift; path = AppDelegate.swift; sourceTree = "<group>"; };
		6E29052D1CB2D5550040EB8B /* WeatherViewController.swift */ = {isa = PBXFileReference; lastKnownFileType = sourcecode.swift; path = WeatherViewController.swift; sourceTree = "<group>"; };
		6E2905301CB2D5550040EB8B /* Base */ = {isa = PBXFileReference; lastKnownFileType = file.storyboard; name = Base; path = Base.lproj/Main.storyboard; sourceTree = "<group>"; };
		6E2905321CB2D5550040EB8B /* Assets.xcassets */ = {isa = PBXFileReference; lastKnownFileType = folder.assetcatalog; path = Assets.xcassets; sourceTree = "<group>"; };
		6E2905351CB2D5550040EB8B /* Base */ = {isa = PBXFileReference; lastKnownFileType = file.storyboard; name = Base; path = Base.lproj/LaunchScreen.storyboard; sourceTree = "<group>"; };
		6E2905371CB2D5550040EB8B /* Info.plist */ = {isa = PBXFileReference; lastKnownFileType = text.plist.xml; path = Info.plist; sourceTree = "<group>"; };
		6E29053C1CB2D5550040EB8B /* weatherlrTests.xctest */ = {isa = PBXFileReference; explicitFileType = wrapper.cfbundle; includeInIndex = 0; path = weatherlrTests.xctest; sourceTree = BUILT_PRODUCTS_DIR; };
		6E2905421CB2D5550040EB8B /* Info.plist */ = {isa = PBXFileReference; lastKnownFileType = text.plist.xml; path = Info.plist; sourceTree = "<group>"; };
		6E2905471CB2D5550040EB8B /* weatherlrUITests.xctest */ = {isa = PBXFileReference; explicitFileType = wrapper.cfbundle; includeInIndex = 0; path = weatherlrUITests.xctest; sourceTree = BUILT_PRODUCTS_DIR; };
		6E29054B1CB2D5550040EB8B /* weatherlrUITests.swift */ = {isa = PBXFileReference; lastKnownFileType = sourcecode.swift; path = weatherlrUITests.swift; sourceTree = "<group>"; };
		6E29054D1CB2D5550040EB8B /* Info.plist */ = {isa = PBXFileReference; lastKnownFileType = text.plist.xml; path = Info.plist; sourceTree = "<group>"; };
		6E39BF151CD8CDAF008CD674 /* cities6 */ = {isa = PBXFileReference; lastKnownFileType = folder; path = cities6; sourceTree = "<group>"; };
		6E39BF171CDA272A008CD674 /* cities7 */ = {isa = PBXFileReference; lastKnownFileType = folder; path = cities7; sourceTree = "<group>"; };
		6E4910A01CC59616006D3C82 /* fr */ = {isa = PBXFileReference; lastKnownFileType = text.plist.strings; name = fr; path = fr.lproj/Main.strings; sourceTree = "<group>"; };
		6E4910A11CC59616006D3C82 /* fr */ = {isa = PBXFileReference; lastKnownFileType = text.plist.strings; name = fr; path = fr.lproj/LaunchScreen.strings; sourceTree = "<group>"; };
		6E4910A51CC5963E006D3C82 /* en */ = {isa = PBXFileReference; lastKnownFileType = text.plist.strings; name = en; path = en.lproj/Localizable.strings; sourceTree = "<group>"; };
		6E4910A71CC59672006D3C82 /* fr */ = {isa = PBXFileReference; lastKnownFileType = text.plist.strings; name = fr; path = fr.lproj/Localizable.strings; sourceTree = "<group>"; };
		6E4910A81CC7E99A006D3C82 /* UIColorExtension.swift */ = {isa = PBXFileReference; fileEncoding = 4; lastKnownFileType = sourcecode.swift; path = UIColorExtension.swift; sourceTree = "<group>"; };
		6E4910BD1CC90598006D3C82 /* CityDownloader.swift */ = {isa = PBXFileReference; fileEncoding = 4; lastKnownFileType = sourcecode.swift; path = CityDownloader.swift; sourceTree = "<group>"; };
		6E4910C31CC90AA3006D3C82 /* WeatherStatusTests.swift */ = {isa = PBXFileReference; fileEncoding = 4; lastKnownFileType = sourcecode.swift; path = WeatherStatusTests.swift; sourceTree = "<group>"; };
		6E4910C51CC91854006D3C82 /* TestUtils.swift */ = {isa = PBXFileReference; fileEncoding = 4; lastKnownFileType = sourcecode.swift; path = TestUtils.swift; sourceTree = "<group>"; };
		6E4910C71CC92027006D3C82 /* TestDataEntryCurrentNoObservation.xml */ = {isa = PBXFileReference; fileEncoding = 4; lastKnownFileType = text.xml; path = TestDataEntryCurrentNoObservation.xml; sourceTree = "<group>"; };
		6E4910C91CCA561C006D3C82 /* ContactTableViewCell.swift */ = {isa = PBXFileReference; fileEncoding = 4; lastKnownFileType = sourcecode.swift; path = ContactTableViewCell.swift; sourceTree = "<group>"; };
		6E4910CB1CCBEFCE006D3C82 /* WeatherHelper.swift */ = {isa = PBXFileReference; fileEncoding = 4; lastKnownFileType = sourcecode.swift; path = WeatherHelper.swift; sourceTree = "<group>"; };
		6E4910CD1CCC3335006D3C82 /* GradientView.swift */ = {isa = PBXFileReference; fileEncoding = 4; lastKnownFileType = sourcecode.swift; path = GradientView.swift; sourceTree = "<group>"; };
		6E4910CF1CCD08A6006D3C82 /* ErrorViewController.swift */ = {isa = PBXFileReference; fileEncoding = 4; lastKnownFileType = sourcecode.swift; path = ErrorViewController.swift; sourceTree = "<group>"; };
		6E4910D11CCD1F81006D3C82 /* DataProviderTableViewCell.swift */ = {isa = PBXFileReference; fileEncoding = 4; lastKnownFileType = sourcecode.swift; path = DataProviderTableViewCell.swift; sourceTree = "<group>"; };
		6E816BCC1CCD7A0100533684 /* Flag_of_Canada.png */ = {isa = PBXFileReference; lastKnownFileType = image.png; path = Flag_of_Canada.png; sourceTree = "<group>"; };
		6E816BCD1CCD7A0100533684 /* Flag_of_Canada@2x.png */ = {isa = PBXFileReference; lastKnownFileType = image.png; path = "Flag_of_Canada@2x.png"; sourceTree = "<group>"; };
		6E816BCE1CCD7A0100533684 /* Flag_of_Canada@3x.png */ = {isa = PBXFileReference; lastKnownFileType = image.png; path = "Flag_of_Canada@3x.png"; sourceTree = "<group>"; };
		6E816BD21CCE473E00533684 /* ExpiringCache.swift */ = {isa = PBXFileReference; fileEncoding = 4; lastKnownFileType = sourcecode.swift; path = ExpiringCache.swift; sourceTree = "<group>"; };
		6E816BD71CCF9D9400533684 /* launch@2x.png */ = {isa = PBXFileReference; lastKnownFileType = image.png; path = "launch@2x.png"; sourceTree = "<group>"; };
		6E816BD81CCF9D9400533684 /* launch@3x.png */ = {isa = PBXFileReference; lastKnownFileType = image.png; path = "launch@3x.png"; sourceTree = "<group>"; };
		6E816C0C1CCFF87800533684 /* cities1 */ = {isa = PBXFileReference; lastKnownFileType = folder; path = cities1; sourceTree = "<group>"; };
		6E816C0E1CD10E9100533684 /* launch.png */ = {isa = PBXFileReference; lastKnownFileType = image.png; path = launch.png; sourceTree = "<group>"; };
		6E816C101CD231BE00533684 /* cities2 */ = {isa = PBXFileReference; lastKnownFileType = folder; path = cities2; sourceTree = "<group>"; };
		6E816C121CD385DC00533684 /* cities3 */ = {isa = PBXFileReference; lastKnownFileType = folder; path = cities3; sourceTree = "<group>"; };
		6E816C141CD633EE00533684 /* cities4 */ = {isa = PBXFileReference; lastKnownFileType = folder; path = cities4; sourceTree = "<group>"; };
		6E816C161CD63BCF00533684 /* WeatherInformationWrapper.swift */ = {isa = PBXFileReference; fileEncoding = 4; lastKnownFileType = sourcecode.swift; path = WeatherInformationWrapper.swift; sourceTree = "<group>"; };
		6E816C181CD76DBB00533684 /* cities5 */ = {isa = PBXFileReference; lastKnownFileType = folder; path = cities5; sourceTree = "<group>"; };
		6E9B63501CC593DE00B27334 /* StringExtension.swift */ = {isa = PBXFileReference; fileEncoding = 4; lastKnownFileType = sourcecode.swift; path = StringExtension.swift; sourceTree = "<group>"; };
		6E9E12B21CDB6F1700791284 /* cities8 */ = {isa = PBXFileReference; lastKnownFileType = folder; path = cities8; sourceTree = "<group>"; };
		6E9E12B41CDF8DAD00791284 /* cities9 */ = {isa = PBXFileReference; lastKnownFileType = folder; path = cities9; sourceTree = "<group>"; };
		6E9E12B61CDF96A800791284 /* TemperatureTests.swift */ = {isa = PBXFileReference; fileEncoding = 4; lastKnownFileType = sourcecode.swift; path = TemperatureTests.swift; sourceTree = "<group>"; };
		6E9E12B81CDFC2F000791284 /* cities10 */ = {isa = PBXFileReference; lastKnownFileType = folder; path = cities10; sourceTree = "<group>"; };
		6E9E12BA1CE9155A00791284 /* cities11 */ = {isa = PBXFileReference; lastKnownFileType = folder; path = cities11; sourceTree = "<group>"; };
		6E9E12BC1CE9223D00791284 /* nl-19_French.xml */ = {isa = PBXFileReference; fileEncoding = 4; lastKnownFileType = text.xml; path = "nl-19_French.xml"; sourceTree = "<group>"; };
		6E9E12C01CE92BEC00791284 /* AlertViewController.swift */ = {isa = PBXFileReference; fileEncoding = 4; lastKnownFileType = sourcecode.swift; path = AlertViewController.swift; sourceTree = "<group>"; };
		6E9E12C21CEA012400791284 /* AlertDetailViewController.swift */ = {isa = PBXFileReference; fileEncoding = 4; lastKnownFileType = sourcecode.swift; path = AlertDetailViewController.swift; sourceTree = "<group>"; };
		6E9E12C41CEA062000791284 /* TestDataEntryAlert.xml */ = {isa = PBXFileReference; fileEncoding = 4; lastKnownFileType = text.xml; path = TestDataEntryAlert.xml; sourceTree = "<group>"; };
		6E9E12C61CEA0F9A00791284 /* AlertTests.swift */ = {isa = PBXFileReference; fileEncoding = 4; lastKnownFileType = sourcecode.swift; path = AlertTests.swift; sourceTree = "<group>"; };
		6E9E12C81CEA10D200791284 /* nu-29_English.xml */ = {isa = PBXFileReference; fileEncoding = 4; lastKnownFileType = text.xml; path = "nu-29_English.xml"; sourceTree = "<group>"; };
		6E9E12CA1CEA18E500791284 /* cities12 */ = {isa = PBXFileReference; lastKnownFileType = folder; path = cities12; sourceTree = "<group>"; };
		6E9E12CC1CEA1ED800791284 /* nu-2_French.xml */ = {isa = PBXFileReference; fileEncoding = 4; lastKnownFileType = text.xml; path = "nu-2_French.xml"; sourceTree = "<group>"; };
		6E9E12CE1CEA20D800791284 /* PreferenceHelperTests.swift */ = {isa = PBXFileReference; fileEncoding = 4; lastKnownFileType = sourcecode.swift; path = PreferenceHelperTests.swift; sourceTree = "<group>"; };
		6E9E12D21CEA5ED000791284 /* RadarViewController.swift */ = {isa = PBXFileReference; fileEncoding = 4; lastKnownFileType = sourcecode.swift; path = RadarViewController.swift; sourceTree = "<group>"; };
		6E9F32BD1CB3048100A9D6A7 /* RssParser.swift */ = {isa = PBXFileReference; fileEncoding = 4; lastKnownFileType = sourcecode.swift; path = RssParser.swift; sourceTree = "<group>"; };
		6E9F32BF1CB3056A00A9D6A7 /* WeatherInformation.swift */ = {isa = PBXFileReference; fileEncoding = 4; lastKnownFileType = sourcecode.swift; path = WeatherInformation.swift; sourceTree = "<group>"; };
		6E9F32C11CB305BE00A9D6A7 /* WeatherEnums.swift */ = {isa = PBXFileReference; fileEncoding = 4; lastKnownFileType = sourcecode.swift; path = WeatherEnums.swift; sourceTree = "<group>"; };
		6E9F32C51CB30A3D00A9D6A7 /* RssParserTests.swift */ = {isa = PBXFileReference; fileEncoding = 4; lastKnownFileType = sourcecode.swift; path = RssParserTests.swift; sourceTree = "<group>"; };
		6E9F32C71CB30C6D00A9D6A7 /* WeatherInformationTests.swift */ = {isa = PBXFileReference; fileEncoding = 4; lastKnownFileType = sourcecode.swift; path = WeatherInformationTests.swift; sourceTree = "<group>"; };
		6E9F32D11CB3116C00A9D6A7 /* TestData.xml */ = {isa = PBXFileReference; fileEncoding = 4; lastKnownFileType = text.xml; path = TestData.xml; sourceTree = "<group>"; };
		6E9F32D61CB3E91D00A9D6A7 /* RssEntry.swift */ = {isa = PBXFileReference; fileEncoding = 4; lastKnownFileType = sourcecode.swift; path = RssEntry.swift; sourceTree = "<group>"; };
		6E9F32D81CB3EAB000A9D6A7 /* TestData_EN.xml */ = {isa = PBXFileReference; fileEncoding = 4; lastKnownFileType = text.xml; path = TestData_EN.xml; sourceTree = "<group>"; };
		6E9F32DC1CB3F30D00A9D6A7 /* RssParserBase.swift */ = {isa = PBXFileReference; fileEncoding = 4; lastKnownFileType = sourcecode.swift; path = RssParserBase.swift; sourceTree = "<group>"; };
		6E9F32DE1CB3F4E700A9D6A7 /* TestDataEntry.xml */ = {isa = PBXFileReference; fileEncoding = 4; lastKnownFileType = text.xml; path = TestDataEntry.xml; sourceTree = "<group>"; };
		6E9F32E01CB3F55C00A9D6A7 /* RssEntryTests.swift */ = {isa = PBXFileReference; fileEncoding = 4; lastKnownFileType = sourcecode.swift; path = RssEntryTests.swift; sourceTree = "<group>"; };
		6E9F32E51CB4009900A9D6A7 /* RssEntryToWeatherInformation.swift */ = {isa = PBXFileReference; fileEncoding = 4; lastKnownFileType = sourcecode.swift; path = RssEntryToWeatherInformation.swift; sourceTree = "<group>"; };
		6E9F32E81CB4012B00A9D6A7 /* RssEntryToWeatherInformationTests.swift */ = {isa = PBXFileReference; fileEncoding = 4; lastKnownFileType = sourcecode.swift; path = RssEntryToWeatherInformationTests.swift; sourceTree = "<group>"; };
		6E9F32EA1CB4018400A9D6A7 /* RssParserStub.swift */ = {isa = PBXFileReference; fileEncoding = 4; lastKnownFileType = sourcecode.swift; path = RssParserStub.swift; sourceTree = "<group>"; };
		6E9F32EC1CB4069300A9D6A7 /* TestDataEntryCurrent.xml */ = {isa = PBXFileReference; fileEncoding = 4; lastKnownFileType = text.xml; path = TestDataEntryCurrent.xml; sourceTree = "<group>"; };
		6E9F32F01CB4457D00A9D6A7 /* TestDataEntryCurrent_EN.xml */ = {isa = PBXFileReference; fileEncoding = 4; lastKnownFileType = text.xml; path = TestDataEntryCurrent_EN.xml; sourceTree = "<group>"; };
		6E9F32F21CB4479A00A9D6A7 /* TestDataEntry_EN.xml */ = {isa = PBXFileReference; fileEncoding = 4; lastKnownFileType = text.xml; path = TestDataEntry_EN.xml; sourceTree = "<group>"; };
		6E9F32F41CB5AD3200A9D6A7 /* WeatherTableViewCell.swift */ = {isa = PBXFileReference; fileEncoding = 4; lastKnownFileType = sourcecode.swift; path = WeatherTableViewCell.swift; sourceTree = "<group>"; };
		6E9F32F61CB6C26C00A9D6A7 /* SettingsViewController.swift */ = {isa = PBXFileReference; fileEncoding = 4; lastKnownFileType = sourcecode.swift; path = SettingsViewController.swift; sourceTree = "<group>"; };
		6E9F32F81CB6C5AB00A9D6A7 /* CityTableViewCell.swift */ = {isa = PBXFileReference; fileEncoding = 4; lastKnownFileType = sourcecode.swift; path = CityTableViewCell.swift; sourceTree = "<group>"; };
		6E9F32FA1CB6C95200A9D6A7 /* City.swift */ = {isa = PBXFileReference; fileEncoding = 4; lastKnownFileType = sourcecode.swift; path = City.swift; sourceTree = "<group>"; };
		6E9F33001CB6D27100A9D6A7 /* CityParser */ = {isa = PBXFileReference; explicitFileType = "compiled.mach-o.executable"; includeInIndex = 0; path = CityParser; sourceTree = BUILT_PRODUCTS_DIR; };
		6E9F334B1CB6F32E00A9D6A7 /* AddCityViewController.swift */ = {isa = PBXFileReference; fileEncoding = 4; lastKnownFileType = sourcecode.swift; path = AddCityViewController.swift; sourceTree = "<group>"; };
		6E9F334F1CB6FF7800A9D6A7 /* CityParser.swift */ = {isa = PBXFileReference; fileEncoding = 4; lastKnownFileType = sourcecode.swift; path = CityParser.swift; sourceTree = "<group>"; };
		6E9F33551CB70D6300A9D6A7 /* Cities.plist */ = {isa = PBXFileReference; lastKnownFileType = file.bplist; path = Cities.plist; sourceTree = "<group>"; };
		6E9F33571CB7FB0600A9D6A7 /* Constants.swift */ = {isa = PBXFileReference; fileEncoding = 4; lastKnownFileType = sourcecode.swift; path = Constants.swift; sourceTree = "<group>"; };
		6E9F33591CB7FCFE00A9D6A7 /* PreferenceHelper.swift */ = {isa = PBXFileReference; fileEncoding = 4; lastKnownFileType = sourcecode.swift; path = PreferenceHelper.swift; sourceTree = "<group>"; };
		6E9F335B1CB8011B00A9D6A7 /* UrlHelper.swift */ = {isa = PBXFileReference; fileEncoding = 4; lastKnownFileType = sourcecode.swift; path = UrlHelper.swift; sourceTree = "<group>"; };
		6E9F335D1CB8588D00A9D6A7 /* AlertInformation.swift */ = {isa = PBXFileReference; fileEncoding = 4; lastKnownFileType = sourcecode.swift; path = AlertInformation.swift; sourceTree = "<group>"; };
		6E9F335F1CB942C700A9D6A7 /* WeatherHeaderCell.swift */ = {isa = PBXFileReference; fileEncoding = 4; lastKnownFileType = sourcecode.swift; path = WeatherHeaderCell.swift; sourceTree = "<group>"; };
		6EEBDE5E1CBC362100C5B14B /* MinMaxLabel.swift */ = {isa = PBXFileReference; fileEncoding = 4; lastKnownFileType = sourcecode.swift; path = MinMaxLabel.swift; sourceTree = "<group>"; };
		6EEBDE601CC5821E00C5B14B /* LangTableViewCell.swift */ = {isa = PBXFileReference; fileEncoding = 4; lastKnownFileType = sourcecode.swift; path = LangTableViewCell.swift; sourceTree = "<group>"; };
/* End PBXFileReference section */

/* Begin PBXFrameworksBuildPhase section */
		6E2905251CB2D5550040EB8B /* Frameworks */ = {
			isa = PBXFrameworksBuildPhase;
			buildActionMask = 2147483647;
			files = (
			);
			runOnlyForDeploymentPostprocessing = 0;
		};
		6E2905391CB2D5550040EB8B /* Frameworks */ = {
			isa = PBXFrameworksBuildPhase;
			buildActionMask = 2147483647;
			files = (
			);
			runOnlyForDeploymentPostprocessing = 0;
		};
		6E2905441CB2D5550040EB8B /* Frameworks */ = {
			isa = PBXFrameworksBuildPhase;
			buildActionMask = 2147483647;
			files = (
			);
			runOnlyForDeploymentPostprocessing = 0;
		};
		6E9F32FD1CB6D27000A9D6A7 /* Frameworks */ = {
			isa = PBXFrameworksBuildPhase;
			buildActionMask = 2147483647;
			files = (
			);
			runOnlyForDeploymentPostprocessing = 0;
		};
/* End PBXFrameworksBuildPhase section */

/* Begin PBXGroup section */
		6E29051F1CB2D5550040EB8B = {
			isa = PBXGroup;
			children = (
				6E29052A1CB2D5550040EB8B /* weatherlr */,
				6E29053F1CB2D5550040EB8B /* weatherlrTests */,
				6E29054A1CB2D5550040EB8B /* weatherlrUITests */,
				6E2905291CB2D5550040EB8B /* Products */,
			);
			sourceTree = "<group>";
		};
		6E2905291CB2D5550040EB8B /* Products */ = {
			isa = PBXGroup;
			children = (
				6E2905281CB2D5550040EB8B /* weatherlr.app */,
				6E29053C1CB2D5550040EB8B /* weatherlrTests.xctest */,
				6E2905471CB2D5550040EB8B /* weatherlrUITests.xctest */,
				6E9F33001CB6D27100A9D6A7 /* CityParser */,
			);
			name = Products;
			sourceTree = "<group>";
		};
		6E29052A1CB2D5550040EB8B /* weatherlr */ = {
			isa = PBXGroup;
			children = (
				6E816BC51CCD795800533684 /* Images */,
				6E29052B1CB2D5550040EB8B /* AppDelegate.swift */,
				6E2905321CB2D5550040EB8B /* Assets.xcassets */,
				6E29052F1CB2D5550040EB8B /* Main.storyboard */,
				6E2905341CB2D5550040EB8B /* LaunchScreen.storyboard */,
				6E9F33551CB70D6300A9D6A7 /* Cities.plist */,
				6E9E12BC1CE9223D00791284 /* nl-19_French.xml */,
				6E9E12CC1CEA1ED800791284 /* nu-2_French.xml */,
				6E9E12C81CEA10D200791284 /* nu-29_English.xml */,
				6E2905371CB2D5550040EB8B /* Info.plist */,
				6E816BD41CCF8A3B00533684 /* Fetchers */,
				6E4910BA1CC9056B006D3C82 /* Validators */,
				6E9F32E41CB4005A00A9D6A7 /* Rss */,
				6E816BD51CCF8A5700533684 /* Cells */,
				6E29052D1CB2D5550040EB8B /* WeatherViewController.swift */,
				6E9F32F61CB6C26C00A9D6A7 /* SettingsViewController.swift */,
				6E9E12C01CE92BEC00791284 /* AlertViewController.swift */,
				6E9E12C21CEA012400791284 /* AlertDetailViewController.swift */,
				6E9E12D21CEA5ED000791284 /* RadarViewController.swift */,
				6E9F334B1CB6F32E00A9D6A7 /* AddCityViewController.swift */,
				6E4910CF1CCD08A6006D3C82 /* ErrorViewController.swift */,
				6EEBDE5E1CBC362100C5B14B /* MinMaxLabel.swift */,
				6E9F32BF1CB3056A00A9D6A7 /* WeatherInformation.swift */,
				6E816C161CD63BCF00533684 /* WeatherInformationWrapper.swift */,
				6E9F335D1CB8588D00A9D6A7 /* AlertInformation.swift */,
				6E9F33591CB7FCFE00A9D6A7 /* PreferenceHelper.swift */,
				6E9F335B1CB8011B00A9D6A7 /* UrlHelper.swift */,
				6E4910CB1CCBEFCE006D3C82 /* WeatherHelper.swift */,
				6E9F32C11CB305BE00A9D6A7 /* WeatherEnums.swift */,
				6E9F33571CB7FB0600A9D6A7 /* Constants.swift */,
				6E9B63501CC593DE00B27334 /* StringExtension.swift */,
				6E4910A81CC7E99A006D3C82 /* UIColorExtension.swift */,
				6E9F32FA1CB6C95200A9D6A7 /* City.swift */,
				6E4910CD1CCC3335006D3C82 /* GradientView.swift */,
				6E816BD21CCE473E00533684 /* ExpiringCache.swift */,
				6E4910A41CC59629006D3C82 /* Localizable.strings */,
			);
			path = weatherlr;
			sourceTree = "<group>";
		};
		6E29053F1CB2D5550040EB8B /* weatherlrTests */ = {
			isa = PBXGroup;
			children = (
				6E816C0C1CCFF87800533684 /* cities1 */,
				6E816C101CD231BE00533684 /* cities2 */,
				6E816C121CD385DC00533684 /* cities3 */,
				6E816C141CD633EE00533684 /* cities4 */,
				6E816C181CD76DBB00533684 /* cities5 */,
				6E39BF151CD8CDAF008CD674 /* cities6 */,
				6E39BF171CDA272A008CD674 /* cities7 */,
				6E9E12B21CDB6F1700791284 /* cities8 */,
				6E9E12B41CDF8DAD00791284 /* cities9 */,
				6E9E12B81CDFC2F000791284 /* cities10 */,
				6E9E12BA1CE9155A00791284 /* cities11 */,
				6E9E12CA1CEA18E500791284 /* cities12 */,
				6E2905421CB2D5550040EB8B /* Info.plist */,
				6E9F32E71CB4011B00A9D6A7 /* Rss */,
				6E9F32C71CB30C6D00A9D6A7 /* WeatherInformationTests.swift */,
				6E4910C31CC90AA3006D3C82 /* WeatherStatusTests.swift */,
				6E9E12B61CDF96A800791284 /* TemperatureTests.swift */,
				6E9E12CE1CEA20D800791284 /* PreferenceHelperTests.swift */,
				6E9E12C61CEA0F9A00791284 /* AlertTests.swift */,
				6E4910C51CC91854006D3C82 /* TestUtils.swift */,
			);
			path = weatherlrTests;
			sourceTree = "<group>";
		};
		6E29054A1CB2D5550040EB8B /* weatherlrUITests */ = {
			isa = PBXGroup;
			children = (
				6E29054B1CB2D5550040EB8B /* weatherlrUITests.swift */,
				6E29054D1CB2D5550040EB8B /* Info.plist */,
			);
			path = weatherlrUITests;
			sourceTree = "<group>";
		};
		6E4910BA1CC9056B006D3C82 /* Validators */ = {
			isa = PBXGroup;
			children = (
				6E4910BD1CC90598006D3C82 /* CityDownloader.swift */,
			);
			name = Validators;
			sourceTree = "<group>";
		};
		6E816BC51CCD795800533684 /* Images */ = {
			isa = PBXGroup;
			children = (
				6E816BCC1CCD7A0100533684 /* Flag_of_Canada.png */,
				6E816BCD1CCD7A0100533684 /* Flag_of_Canada@2x.png */,
				6E816BCE1CCD7A0100533684 /* Flag_of_Canada@3x.png */,
				6E816C0E1CD10E9100533684 /* launch.png */,
				6E816BD71CCF9D9400533684 /* launch@2x.png */,
				6E816BD81CCF9D9400533684 /* launch@3x.png */,
			);
			name = Images;
			sourceTree = "<group>";
		};
		6E816BD41CCF8A3B00533684 /* Fetchers */ = {
			isa = PBXGroup;
			children = (
				6E9F334F1CB6FF7800A9D6A7 /* CityParser.swift */,
			);
			name = Fetchers;
			sourceTree = "<group>";
		};
		6E816BD51CCF8A5700533684 /* Cells */ = {
			isa = PBXGroup;
			children = (
				6E9F335F1CB942C700A9D6A7 /* WeatherHeaderCell.swift */,
				6E9F32F41CB5AD3200A9D6A7 /* WeatherTableViewCell.swift */,
				6E9F32F81CB6C5AB00A9D6A7 /* CityTableViewCell.swift */,
				6EEBDE601CC5821E00C5B14B /* LangTableViewCell.swift */,
				6E4910C91CCA561C006D3C82 /* ContactTableViewCell.swift */,
				6E4910D11CCD1F81006D3C82 /* DataProviderTableViewCell.swift */,
			);
			name = Cells;
			sourceTree = "<group>";
		};
		6E9F32E41CB4005A00A9D6A7 /* Rss */ = {
			isa = PBXGroup;
			children = (
				6E9F32DC1CB3F30D00A9D6A7 /* RssParserBase.swift */,
				6E9F32BD1CB3048100A9D6A7 /* RssParser.swift */,
				6E9F32D61CB3E91D00A9D6A7 /* RssEntry.swift */,
				6E9F32E51CB4009900A9D6A7 /* RssEntryToWeatherInformation.swift */,
			);
			name = Rss;
			sourceTree = "<group>";
		};
		6E9F32E71CB4011B00A9D6A7 /* Rss */ = {
			isa = PBXGroup;
			children = (
				6E9F32D11CB3116C00A9D6A7 /* TestData.xml */,
				6E9F32D81CB3EAB000A9D6A7 /* TestData_EN.xml */,
				6E9F32DE1CB3F4E700A9D6A7 /* TestDataEntry.xml */,
				6E9F32F21CB4479A00A9D6A7 /* TestDataEntry_EN.xml */,
				6E9F32EC1CB4069300A9D6A7 /* TestDataEntryCurrent.xml */,
				6E4910C71CC92027006D3C82 /* TestDataEntryCurrentNoObservation.xml */,
				6E9F32F01CB4457D00A9D6A7 /* TestDataEntryCurrent_EN.xml */,
				6E9E12C41CEA062000791284 /* TestDataEntryAlert.xml */,
				6E9F32C51CB30A3D00A9D6A7 /* RssParserTests.swift */,
				6E9F32E01CB3F55C00A9D6A7 /* RssEntryTests.swift */,
				6E9F32E81CB4012B00A9D6A7 /* RssEntryToWeatherInformationTests.swift */,
				6E9F32EA1CB4018400A9D6A7 /* RssParserStub.swift */,
			);
			name = Rss;
			sourceTree = "<group>";
		};
/* End PBXGroup section */

/* Begin PBXNativeTarget section */
		6E2905271CB2D5550040EB8B /* weatherlr */ = {
			isa = PBXNativeTarget;
			buildConfigurationList = 6E2905501CB2D5550040EB8B /* Build configuration list for PBXNativeTarget "weatherlr" */;
			buildPhases = (
				6E2905241CB2D5550040EB8B /* Sources */,
				6E2905251CB2D5550040EB8B /* Frameworks */,
				6E2905261CB2D5550040EB8B /* Resources */,
				6E9F33321CB6DBCD00A9D6A7 /* Embed Frameworks */,
			);
			buildRules = (
			);
			dependencies = (
			);
			name = weatherlr;
			productName = weatherlr;
			productReference = 6E2905281CB2D5550040EB8B /* weatherlr.app */;
			productType = "com.apple.product-type.application";
		};
		6E29053B1CB2D5550040EB8B /* weatherlrTests */ = {
			isa = PBXNativeTarget;
			buildConfigurationList = 6E2905531CB2D5550040EB8B /* Build configuration list for PBXNativeTarget "weatherlrTests" */;
			buildPhases = (
				6E2905381CB2D5550040EB8B /* Sources */,
				6E2905391CB2D5550040EB8B /* Frameworks */,
				6E29053A1CB2D5550040EB8B /* Resources */,
			);
			buildRules = (
			);
			dependencies = (
				6E29053E1CB2D5550040EB8B /* PBXTargetDependency */,
			);
			name = weatherlrTests;
			productName = weatherlrTests;
			productReference = 6E29053C1CB2D5550040EB8B /* weatherlrTests.xctest */;
			productType = "com.apple.product-type.bundle.unit-test";
		};
		6E2905461CB2D5550040EB8B /* weatherlrUITests */ = {
			isa = PBXNativeTarget;
			buildConfigurationList = 6E2905561CB2D5550040EB8B /* Build configuration list for PBXNativeTarget "weatherlrUITests" */;
			buildPhases = (
				6E2905431CB2D5550040EB8B /* Sources */,
				6E2905441CB2D5550040EB8B /* Frameworks */,
				6E2905451CB2D5550040EB8B /* Resources */,
			);
			buildRules = (
			);
			dependencies = (
				6E2905491CB2D5550040EB8B /* PBXTargetDependency */,
			);
			name = weatherlrUITests;
			productName = weatherlrUITests;
			productReference = 6E2905471CB2D5550040EB8B /* weatherlrUITests.xctest */;
			productType = "com.apple.product-type.bundle.ui-testing";
		};
		6E9F32FF1CB6D27000A9D6A7 /* CityParser */ = {
			isa = PBXNativeTarget;
			buildConfigurationList = 6E9F33041CB6D27100A9D6A7 /* Build configuration list for PBXNativeTarget "CityParser" */;
			buildPhases = (
				6E9F32FC1CB6D27000A9D6A7 /* Sources */,
				6E9F32FD1CB6D27000A9D6A7 /* Frameworks */,
				6E9F32FE1CB6D27000A9D6A7 /* CopyFiles */,
				6E9F33421CB6E1E200A9D6A7 /* CopyFiles */,
			);
			buildRules = (
			);
			dependencies = (
			);
			name = CityParser;
			productName = CityParser;
			productReference = 6E9F33001CB6D27100A9D6A7 /* CityParser */;
			productType = "com.apple.product-type.tool";
		};
/* End PBXNativeTarget section */

/* Begin PBXProject section */
		6E2905201CB2D5550040EB8B /* Project object */ = {
			isa = PBXProject;
			attributes = {
				LastSwiftUpdateCheck = 0730;
				LastUpgradeCheck = 0730;
				ORGANIZATIONNAME = "Jean-Francois Dufour";
				TargetAttributes = {
					6E2905271CB2D5550040EB8B = {
						CreatedOnToolsVersion = 7.3;
						DevelopmentTeam = 654X66AK24;
						SystemCapabilities = {
							com.apple.BackgroundModes = {
								enabled = 0;
							};
						};
					};
					6E29053B1CB2D5550040EB8B = {
						CreatedOnToolsVersion = 7.3;
						TestTargetID = 6E2905271CB2D5550040EB8B;
					};
					6E2905461CB2D5550040EB8B = {
						CreatedOnToolsVersion = 7.3;
						TestTargetID = 6E2905271CB2D5550040EB8B;
					};
					6E9F32FF1CB6D27000A9D6A7 = {
						CreatedOnToolsVersion = 7.3;
					};
				};
			};
			buildConfigurationList = 6E2905231CB2D5550040EB8B /* Build configuration list for PBXProject "weatherlr" */;
			compatibilityVersion = "Xcode 3.2";
			developmentRegion = English;
			hasScannedForEncodings = 0;
			knownRegions = (
				en,
				Base,
				fr,
			);
			mainGroup = 6E29051F1CB2D5550040EB8B;
			productRefGroup = 6E2905291CB2D5550040EB8B /* Products */;
			projectDirPath = "";
			projectRoot = "";
			targets = (
				6E2905271CB2D5550040EB8B /* weatherlr */,
				6E29053B1CB2D5550040EB8B /* weatherlrTests */,
				6E2905461CB2D5550040EB8B /* weatherlrUITests */,
				6E9F32FF1CB6D27000A9D6A7 /* CityParser */,
			);
		};
/* End PBXProject section */

/* Begin PBXResourcesBuildPhase section */
		6E2905261CB2D5550040EB8B /* Resources */ = {
			isa = PBXResourcesBuildPhase;
			buildActionMask = 2147483647;
			files = (
				6E816C0F1CD10E9100533684 /* launch.png in Resources */,
				6E4910A21CC59629006D3C82 /* Localizable.strings in Resources */,
				6E816BDB1CCF9D9400533684 /* launch@3x.png in Resources */,
				6E2905361CB2D5550040EB8B /* LaunchScreen.storyboard in Resources */,
				6E2905331CB2D5550040EB8B /* Assets.xcassets in Resources */,
				6E9E12BD1CE9223D00791284 /* nl-19_French.xml in Resources */,
				6E816BD01CCD7A0100533684 /* Flag_of_Canada@2x.png in Resources */,
				6E816BD11CCD7A0100533684 /* Flag_of_Canada@3x.png in Resources */,
				6E9E12C91CEA10D200791284 /* nu-29_English.xml in Resources */,
				6E2905311CB2D5550040EB8B /* Main.storyboard in Resources */,
				6E816BCF1CCD7A0100533684 /* Flag_of_Canada.png in Resources */,
				6E9F33561CB70D6300A9D6A7 /* Cities.plist in Resources */,
				6E816BDA1CCF9D9400533684 /* launch@2x.png in Resources */,
				6E9E12CD1CEA1ED800791284 /* nu-2_French.xml in Resources */,
			);
			runOnlyForDeploymentPostprocessing = 0;
		};
		6E29053A1CB2D5550040EB8B /* Resources */ = {
			isa = PBXResourcesBuildPhase;
			buildActionMask = 2147483647;
			files = (
				6E39BF161CD8CDAF008CD674 /* cities6 in Resources */,
				6E9E12C51CEA062000791284 /* TestDataEntryAlert.xml in Resources */,
				6E4910C81CC92027006D3C82 /* TestDataEntryCurrentNoObservation.xml in Resources */,
				6E816C191CD76DBB00533684 /* cities5 in Resources */,
				6E816C111CD231BE00533684 /* cities2 in Resources */,
				6E816C131CD385DC00533684 /* cities3 in Resources */,
				6E9E12B31CDB6F1700791284 /* cities8 in Resources */,
				6E9F32DF1CB3F4E700A9D6A7 /* TestDataEntry.xml in Resources */,
				6E9E12B51CDF8DAD00791284 /* cities9 in Resources */,
				6E816C0D1CCFF87800533684 /* cities1 in Resources */,
				6E9E12B91CDFC2F000791284 /* cities10 in Resources */,
				6E9F32D91CB3EAB000A9D6A7 /* TestData_EN.xml in Resources */,
				6E9F32ED1CB4069300A9D6A7 /* TestDataEntryCurrent.xml in Resources */,
				6E9F32F31CB4479A00A9D6A7 /* TestDataEntry_EN.xml in Resources */,
				6E816C151CD633EE00533684 /* cities4 in Resources */,
				6E9F32D21CB3116C00A9D6A7 /* TestData.xml in Resources */,
				6E9F32F11CB4457D00A9D6A7 /* TestDataEntryCurrent_EN.xml in Resources */,
				6E39BF181CDA272A008CD674 /* cities7 in Resources */,
				6E9E12BB1CE9155B00791284 /* cities11 in Resources */,
				6E9E12CB1CEA18E500791284 /* cities12 in Resources */,
			);
			runOnlyForDeploymentPostprocessing = 0;
		};
		6E2905451CB2D5550040EB8B /* Resources */ = {
			isa = PBXResourcesBuildPhase;
			buildActionMask = 2147483647;
			files = (
			);
			runOnlyForDeploymentPostprocessing = 0;
		};
/* End PBXResourcesBuildPhase section */

/* Begin PBXSourcesBuildPhase section */
		6E2905241CB2D5550040EB8B /* Sources */ = {
			isa = PBXSourcesBuildPhase;
			buildActionMask = 2147483647;
			files = (
				6E4910CA1CCA561C006D3C82 /* ContactTableViewCell.swift in Sources */,
				6E29052E1CB2D5550040EB8B /* WeatherViewController.swift in Sources */,
				6E9F32C01CB3056A00A9D6A7 /* WeatherInformation.swift in Sources */,
				6E9E12D31CEA5ED000791284 /* RadarViewController.swift in Sources */,
				6E9E12C31CEA012400791284 /* AlertDetailViewController.swift in Sources */,
				6E9F32FB1CB6C95200A9D6A7 /* City.swift in Sources */,
				6E4910BE1CC90598006D3C82 /* CityDownloader.swift in Sources */,
				6E9F32D71CB3E91D00A9D6A7 /* RssEntry.swift in Sources */,
				6E4910A91CC7E99A006D3C82 /* UIColorExtension.swift in Sources */,
				6E9F335C1CB8011B00A9D6A7 /* UrlHelper.swift in Sources */,
				6E816BD31CCE473E00533684 /* ExpiringCache.swift in Sources */,
				6E9F32F71CB6C26C00A9D6A7 /* SettingsViewController.swift in Sources */,
				6EEBDE5F1CBC362100C5B14B /* MinMaxLabel.swift in Sources */,
				6E9F33581CB7FB0600A9D6A7 /* Constants.swift in Sources */,
				6E816C171CD63BCF00533684 /* WeatherInformationWrapper.swift in Sources */,
				6E4910D01CCD08A6006D3C82 /* ErrorViewController.swift in Sources */,
				6E9F32E61CB4009900A9D6A7 /* RssEntryToWeatherInformation.swift in Sources */,
				6E4910D21CCD1F81006D3C82 /* DataProviderTableViewCell.swift in Sources */,
				6E9F33601CB942C700A9D6A7 /* WeatherHeaderCell.swift in Sources */,
				6E4910CC1CCBEFCE006D3C82 /* WeatherHelper.swift in Sources */,
				6EEBDE611CC5821E00C5B14B /* LangTableViewCell.swift in Sources */,
				6E9F32C21CB305BE00A9D6A7 /* WeatherEnums.swift in Sources */,
				6E29052C1CB2D5550040EB8B /* AppDelegate.swift in Sources */,
				6E4910CE1CCC3335006D3C82 /* GradientView.swift in Sources */,
				6E9F32F51CB5AD3200A9D6A7 /* WeatherTableViewCell.swift in Sources */,
				6E9F334C1CB6F32E00A9D6A7 /* AddCityViewController.swift in Sources */,
				6E9F32BE1CB3048100A9D6A7 /* RssParser.swift in Sources */,
				6E9F335A1CB7FCFE00A9D6A7 /* PreferenceHelper.swift in Sources */,
				6E9F32DD1CB3F30D00A9D6A7 /* RssParserBase.swift in Sources */,
				6E9F335E1CB8588D00A9D6A7 /* AlertInformation.swift in Sources */,
				6E9F32F91CB6C5AB00A9D6A7 /* CityTableViewCell.swift in Sources */,
				6E9E12C11CE92BEC00791284 /* AlertViewController.swift in Sources */,
				6E9B63511CC593DE00B27334 /* StringExtension.swift in Sources */,
				6E9F33501CB6FF7800A9D6A7 /* CityParser.swift in Sources */,
			);
			runOnlyForDeploymentPostprocessing = 0;
		};
		6E2905381CB2D5550040EB8B /* Sources */ = {
			isa = PBXSourcesBuildPhase;
			buildActionMask = 2147483647;
			files = (
				6E9F32C61CB30A3D00A9D6A7 /* RssParserTests.swift in Sources */,
				6E9F32C81CB30C6D00A9D6A7 /* WeatherInformationTests.swift in Sources */,
				6E4910C41CC90AA3006D3C82 /* WeatherStatusTests.swift in Sources */,
				6E9F32E91CB4012B00A9D6A7 /* RssEntryToWeatherInformationTests.swift in Sources */,
				6E9E12CF1CEA20D800791284 /* PreferenceHelperTests.swift in Sources */,
				6E4910C61CC91854006D3C82 /* TestUtils.swift in Sources */,
				6E9F32E11CB3F55C00A9D6A7 /* RssEntryTests.swift in Sources */,
				6E9E12B71CDF96A800791284 /* TemperatureTests.swift in Sources */,
				6E9F32EB1CB4018400A9D6A7 /* RssParserStub.swift in Sources */,
				6E9E12C71CEA0F9A00791284 /* AlertTests.swift in Sources */,
			);
			runOnlyForDeploymentPostprocessing = 0;
		};
		6E2905431CB2D5550040EB8B /* Sources */ = {
			isa = PBXSourcesBuildPhase;
			buildActionMask = 2147483647;
			files = (
				6E29054C1CB2D5550040EB8B /* weatherlrUITests.swift in Sources */,
			);
			runOnlyForDeploymentPostprocessing = 0;
		};
		6E9F32FC1CB6D27000A9D6A7 /* Sources */ = {
			isa = PBXSourcesBuildPhase;
			buildActionMask = 2147483647;
			files = (
			);
			runOnlyForDeploymentPostprocessing = 0;
		};
/* End PBXSourcesBuildPhase section */

/* Begin PBXTargetDependency section */
		6E29053E1CB2D5550040EB8B /* PBXTargetDependency */ = {
			isa = PBXTargetDependency;
			target = 6E2905271CB2D5550040EB8B /* weatherlr */;
			targetProxy = 6E29053D1CB2D5550040EB8B /* PBXContainerItemProxy */;
		};
		6E2905491CB2D5550040EB8B /* PBXTargetDependency */ = {
			isa = PBXTargetDependency;
			target = 6E2905271CB2D5550040EB8B /* weatherlr */;
			targetProxy = 6E2905481CB2D5550040EB8B /* PBXContainerItemProxy */;
		};
/* End PBXTargetDependency section */

/* Begin PBXVariantGroup section */
		6E29052F1CB2D5550040EB8B /* Main.storyboard */ = {
			isa = PBXVariantGroup;
			children = (
				6E2905301CB2D5550040EB8B /* Base */,
				6E4910A01CC59616006D3C82 /* fr */,
			);
			name = Main.storyboard;
			sourceTree = "<group>";
		};
		6E2905341CB2D5550040EB8B /* LaunchScreen.storyboard */ = {
			isa = PBXVariantGroup;
			children = (
				6E2905351CB2D5550040EB8B /* Base */,
				6E4910A11CC59616006D3C82 /* fr */,
			);
			name = LaunchScreen.storyboard;
			sourceTree = "<group>";
		};
		6E4910A41CC59629006D3C82 /* Localizable.strings */ = {
			isa = PBXVariantGroup;
			children = (
				6E4910A51CC5963E006D3C82 /* en */,
				6E4910A71CC59672006D3C82 /* fr */,
			);
			name = Localizable.strings;
			sourceTree = "<group>";
		};
/* End PBXVariantGroup section */

/* Begin XCBuildConfiguration section */
		6E29054E1CB2D5550040EB8B /* Debug */ = {
			isa = XCBuildConfiguration;
			buildSettings = {
				ALWAYS_SEARCH_USER_PATHS = NO;
				CLANG_ANALYZER_NONNULL = YES;
				CLANG_CXX_LANGUAGE_STANDARD = "gnu++0x";
				CLANG_CXX_LIBRARY = "libc++";
				CLANG_ENABLE_MODULES = YES;
				CLANG_ENABLE_OBJC_ARC = YES;
				CLANG_WARN_BOOL_CONVERSION = YES;
				CLANG_WARN_CONSTANT_CONVERSION = YES;
				CLANG_WARN_DIRECT_OBJC_ISA_USAGE = YES_ERROR;
				CLANG_WARN_EMPTY_BODY = YES;
				CLANG_WARN_ENUM_CONVERSION = YES;
				CLANG_WARN_INT_CONVERSION = YES;
				CLANG_WARN_OBJC_ROOT_CLASS = YES_ERROR;
				CLANG_WARN_UNREACHABLE_CODE = YES;
				CLANG_WARN__DUPLICATE_METHOD_MATCH = YES;
				"CODE_SIGN_IDENTITY[sdk=iphoneos*]" = "iPhone Developer";
				COPY_PHASE_STRIP = NO;
				DEBUG_INFORMATION_FORMAT = dwarf;
				ENABLE_STRICT_OBJC_MSGSEND = YES;
				ENABLE_TESTABILITY = YES;
				GCC_C_LANGUAGE_STANDARD = gnu99;
				GCC_DYNAMIC_NO_PIC = NO;
				GCC_NO_COMMON_BLOCKS = YES;
				GCC_OPTIMIZATION_LEVEL = 0;
				GCC_PREPROCESSOR_DEFINITIONS = (
					"DEBUG=1",
					"$(inherited)",
				);
				GCC_WARN_64_TO_32_BIT_CONVERSION = YES;
				GCC_WARN_ABOUT_RETURN_TYPE = YES_ERROR;
				GCC_WARN_UNDECLARED_SELECTOR = YES;
				GCC_WARN_UNINITIALIZED_AUTOS = YES_AGGRESSIVE;
				GCC_WARN_UNUSED_FUNCTION = YES;
				GCC_WARN_UNUSED_VARIABLE = YES;
				IPHONEOS_DEPLOYMENT_TARGET = 9.3;
				MTL_ENABLE_DEBUG_INFO = YES;
				ONLY_ACTIVE_ARCH = YES;
				SDKROOT = iphoneos;
				SWIFT_OPTIMIZATION_LEVEL = "-Onone";
				TARGETED_DEVICE_FAMILY = "1,2";
			};
			name = Debug;
		};
		6E29054F1CB2D5550040EB8B /* Release */ = {
			isa = XCBuildConfiguration;
			buildSettings = {
				ALWAYS_SEARCH_USER_PATHS = NO;
				CLANG_ANALYZER_NONNULL = YES;
				CLANG_CXX_LANGUAGE_STANDARD = "gnu++0x";
				CLANG_CXX_LIBRARY = "libc++";
				CLANG_ENABLE_MODULES = YES;
				CLANG_ENABLE_OBJC_ARC = YES;
				CLANG_WARN_BOOL_CONVERSION = YES;
				CLANG_WARN_CONSTANT_CONVERSION = YES;
				CLANG_WARN_DIRECT_OBJC_ISA_USAGE = YES_ERROR;
				CLANG_WARN_EMPTY_BODY = YES;
				CLANG_WARN_ENUM_CONVERSION = YES;
				CLANG_WARN_INT_CONVERSION = YES;
				CLANG_WARN_OBJC_ROOT_CLASS = YES_ERROR;
				CLANG_WARN_UNREACHABLE_CODE = YES;
				CLANG_WARN__DUPLICATE_METHOD_MATCH = YES;
				"CODE_SIGN_IDENTITY[sdk=iphoneos*]" = "iPhone Developer";
				COPY_PHASE_STRIP = NO;
				DEBUG_INFORMATION_FORMAT = "dwarf-with-dsym";
				ENABLE_NS_ASSERTIONS = NO;
				ENABLE_STRICT_OBJC_MSGSEND = YES;
				GCC_C_LANGUAGE_STANDARD = gnu99;
				GCC_NO_COMMON_BLOCKS = YES;
				GCC_WARN_64_TO_32_BIT_CONVERSION = YES;
				GCC_WARN_ABOUT_RETURN_TYPE = YES_ERROR;
				GCC_WARN_UNDECLARED_SELECTOR = YES;
				GCC_WARN_UNINITIALIZED_AUTOS = YES_AGGRESSIVE;
				GCC_WARN_UNUSED_FUNCTION = YES;
				GCC_WARN_UNUSED_VARIABLE = YES;
				IPHONEOS_DEPLOYMENT_TARGET = 9.3;
				MTL_ENABLE_DEBUG_INFO = NO;
				SDKROOT = iphoneos;
				TARGETED_DEVICE_FAMILY = "1,2";
				VALIDATE_PRODUCT = YES;
			};
			name = Release;
		};
		6E2905511CB2D5550040EB8B /* Debug */ = {
			isa = XCBuildConfiguration;
			buildSettings = {
				ASSETCATALOG_COMPILER_APPICON_NAME = AppIcon;
				CODE_SIGN_IDENTITY = "iPhone Developer";
				EMBEDDED_CONTENT_CONTAINS_SWIFT = YES;
				INFOPLIST_FILE = weatherlr/Info.plist;
				LD_RUNPATH_SEARCH_PATHS = "$(inherited) @executable_path/Frameworks";
				PRODUCT_BUNDLE_IDENTIFIER = com.massawippi.weatherlr;
				PRODUCT_NAME = "$(TARGET_NAME)";
			};
			name = Debug;
		};
		6E2905521CB2D5550040EB8B /* Release */ = {
			isa = XCBuildConfiguration;
			buildSettings = {
				ASSETCATALOG_COMPILER_APPICON_NAME = AppIcon;
				CODE_SIGN_IDENTITY = "iPhone Developer";
				EMBEDDED_CONTENT_CONTAINS_SWIFT = YES;
				INFOPLIST_FILE = weatherlr/Info.plist;
				LD_RUNPATH_SEARCH_PATHS = "$(inherited) @executable_path/Frameworks";
				PRODUCT_BUNDLE_IDENTIFIER = com.massawippi.weatherlr;
				PRODUCT_NAME = "$(TARGET_NAME)";
			};
			name = Release;
		};
		6E2905541CB2D5550040EB8B /* Debug */ = {
			isa = XCBuildConfiguration;
			buildSettings = {
				BUNDLE_LOADER = "$(TEST_HOST)";
				INFOPLIST_FILE = weatherlrTests/Info.plist;
				LD_RUNPATH_SEARCH_PATHS = "$(inherited) @executable_path/Frameworks @loader_path/Frameworks";
				PRODUCT_BUNDLE_IDENTIFIER = com.massawippi.weatherlrTests;
				PRODUCT_NAME = "$(TARGET_NAME)";
				TEST_HOST = "$(BUILT_PRODUCTS_DIR)/weatherlr.app/weatherlr";
			};
			name = Debug;
		};
		6E2905551CB2D5550040EB8B /* Release */ = {
			isa = XCBuildConfiguration;
			buildSettings = {
				BUNDLE_LOADER = "$(TEST_HOST)";
				INFOPLIST_FILE = weatherlrTests/Info.plist;
				LD_RUNPATH_SEARCH_PATHS = "$(inherited) @executable_path/Frameworks @loader_path/Frameworks";
				PRODUCT_BUNDLE_IDENTIFIER = com.massawippi.weatherlrTests;
				PRODUCT_NAME = "$(TARGET_NAME)";
				TEST_HOST = "$(BUILT_PRODUCTS_DIR)/weatherlr.app/weatherlr";
			};
			name = Release;
		};
		6E2905571CB2D5550040EB8B /* Debug */ = {
			isa = XCBuildConfiguration;
			buildSettings = {
				INFOPLIST_FILE = weatherlrUITests/Info.plist;
				LD_RUNPATH_SEARCH_PATHS = "$(inherited) @executable_path/Frameworks @loader_path/Frameworks";
				PRODUCT_BUNDLE_IDENTIFIER = com.massawippi.weatherlrUITests;
				PRODUCT_NAME = "$(TARGET_NAME)";
				TEST_TARGET_NAME = weatherlr;
			};
			name = Debug;
		};
		6E2905581CB2D5550040EB8B /* Release */ = {
			isa = XCBuildConfiguration;
			buildSettings = {
				INFOPLIST_FILE = weatherlrUITests/Info.plist;
				LD_RUNPATH_SEARCH_PATHS = "$(inherited) @executable_path/Frameworks @loader_path/Frameworks";
				PRODUCT_BUNDLE_IDENTIFIER = com.massawippi.weatherlrUITests;
				PRODUCT_NAME = "$(TARGET_NAME)";
				TEST_TARGET_NAME = weatherlr;
			};
			name = Release;
		};
		6E9F33051CB6D27100A9D6A7 /* Debug */ = {
			isa = XCBuildConfiguration;
			buildSettings = {
				CODE_SIGN_IDENTITY = "-";
				MACOSX_DEPLOYMENT_TARGET = 10.11;
				PRODUCT_NAME = "$(TARGET_NAME)";
				SDKROOT = macosx;
			};
			name = Debug;
		};
		6E9F33061CB6D27100A9D6A7 /* Release */ = {
			isa = XCBuildConfiguration;
			buildSettings = {
				CODE_SIGN_IDENTITY = "-";
				MACOSX_DEPLOYMENT_TARGET = 10.11;
				PRODUCT_NAME = "$(TARGET_NAME)";
				SDKROOT = macosx;
			};
			name = Release;
		};
/* End XCBuildConfiguration section */

/* Begin XCConfigurationList section */
		6E2905231CB2D5550040EB8B /* Build configuration list for PBXProject "weatherlr" */ = {
			isa = XCConfigurationList;
			buildConfigurations = (
				6E29054E1CB2D5550040EB8B /* Debug */,
				6E29054F1CB2D5550040EB8B /* Release */,
			);
			defaultConfigurationIsVisible = 0;
			defaultConfigurationName = Release;
		};
		6E2905501CB2D5550040EB8B /* Build configuration list for PBXNativeTarget "weatherlr" */ = {
			isa = XCConfigurationList;
			buildConfigurations = (
				6E2905511CB2D5550040EB8B /* Debug */,
				6E2905521CB2D5550040EB8B /* Release */,
			);
			defaultConfigurationIsVisible = 0;
			defaultConfigurationName = Release;
		};
		6E2905531CB2D5550040EB8B /* Build configuration list for PBXNativeTarget "weatherlrTests" */ = {
			isa = XCConfigurationList;
			buildConfigurations = (
				6E2905541CB2D5550040EB8B /* Debug */,
				6E2905551CB2D5550040EB8B /* Release */,
			);
			defaultConfigurationIsVisible = 0;
			defaultConfigurationName = Release;
		};
		6E2905561CB2D5550040EB8B /* Build configuration list for PBXNativeTarget "weatherlrUITests" */ = {
			isa = XCConfigurationList;
			buildConfigurations = (
				6E2905571CB2D5550040EB8B /* Debug */,
				6E2905581CB2D5550040EB8B /* Release */,
			);
			defaultConfigurationIsVisible = 0;
			defaultConfigurationName = Release;
		};
		6E9F33041CB6D27100A9D6A7 /* Build configuration list for PBXNativeTarget "CityParser" */ = {
			isa = XCConfigurationList;
			buildConfigurations = (
				6E9F33051CB6D27100A9D6A7 /* Debug */,
				6E9F33061CB6D27100A9D6A7 /* Release */,
			);
			defaultConfigurationIsVisible = 0;
			defaultConfigurationName = Release;
		};
/* End XCConfigurationList section */
	};
	rootObject = 6E2905201CB2D5550040EB8B /* Project object */;
}
