// !$*UTF8*$!
{
	archiveVersion = 1;
	classes = {
	};
	objectVersion = 46;
	objects = {

/* Begin PBXBuildFile section */
		6E29052C1CB2D5550040EB8B /* AppDelegate.swift in Sources */ = {isa = PBXBuildFile; fileRef = 6E29052B1CB2D5550040EB8B /* AppDelegate.swift */; };
		6E29052E1CB2D5550040EB8B /* ViewController.swift in Sources */ = {isa = PBXBuildFile; fileRef = 6E29052D1CB2D5550040EB8B /* ViewController.swift */; };
		6E2905311CB2D5550040EB8B /* Main.storyboard in Resources */ = {isa = PBXBuildFile; fileRef = 6E29052F1CB2D5550040EB8B /* Main.storyboard */; };
		6E2905331CB2D5550040EB8B /* Assets.xcassets in Resources */ = {isa = PBXBuildFile; fileRef = 6E2905321CB2D5550040EB8B /* Assets.xcassets */; };
		6E2905361CB2D5550040EB8B /* LaunchScreen.storyboard in Resources */ = {isa = PBXBuildFile; fileRef = 6E2905341CB2D5550040EB8B /* LaunchScreen.storyboard */; };
		6E2905411CB2D5550040EB8B /* weatherlrTests.swift in Sources */ = {isa = PBXBuildFile; fileRef = 6E2905401CB2D5550040EB8B /* weatherlrTests.swift */; };
		6E29054C1CB2D5550040EB8B /* weatherlrUITests.swift in Sources */ = {isa = PBXBuildFile; fileRef = 6E29054B1CB2D5550040EB8B /* weatherlrUITests.swift */; };
/* End PBXBuildFile section */

/* Begin PBXContainerItemProxy section */
		6E29053D1CB2D5550040EB8B /* PBXContainerItemProxy */ = {
			isa = PBXContainerItemProxy;
			containerPortal = 6E2905201CB2D5550040EB8B /* Project object */;
			proxyType = 1;
			remoteGlobalIDString = 6E2905271CB2D5550040EB8B;
			remoteInfo = weatherlr;
		};
		6E2905481CB2D5550040EB8B /* PBXContainerItemProxy */ = {
			isa = PBXContainerItemProxy;
			containerPortal = 6E2905201CB2D5550040EB8B /* Project object */;
			proxyType = 1;
			remoteGlobalIDString = 6E2905271CB2D5550040EB8B;
			remoteInfo = weatherlr;
		};
/* End PBXContainerItemProxy section */

/* Begin PBXFileReference section */
		6E2905281CB2D5550040EB8B /* weatherlr.app */ = {isa = PBXFileReference; explicitFileType = wrapper.application; includeInIndex = 0; path = weatherlr.app; sourceTree = BUILT_PRODUCTS_DIR; };
		6E29052B1CB2D5550040EB8B /* AppDelegate.swift */ = {isa = PBXFileReference; lastKnownFileType = sourcecode.swift; path = AppDelegate.swift; sourceTree = "<group>"; };
		6E29052D1CB2D5550040EB8B /* ViewController.swift */ = {isa = PBXFileReference; lastKnownFileType = sourcecode.swift; path = ViewController.swift; sourceTree = "<group>"; };
		6E2905301CB2D5550040EB8B /* Base */ = {isa = PBXFileReference; lastKnownFileType = file.storyboard; name = Base; path = Base.lproj/Main.storyboard; sourceTree = "<group>"; };
		6E2905321CB2D5550040EB8B /* Assets.xcassets */ = {isa = PBXFileReference; lastKnownFileType = folder.assetcatalog; path = Assets.xcassets; sourceTree = "<group>"; };
		6E2905351CB2D5550040EB8B /* Base */ = {isa = PBXFileReference; lastKnownFileType = file.storyboard; name = Base; path = Base.lproj/LaunchScreen.storyboard; sourceTree = "<group>"; };
		6E2905371CB2D5550040EB8B /* Info.plist */ = {isa = PBXFileReference; lastKnownFileType = text.plist.xml; path = Info.plist; sourceTree = "<group>"; };
		6E29053C1CB2D5550040EB8B /* weatherlrTests.xctest */ = {isa = PBXFileReference; explicitFileType = wrapper.cfbundle; includeInIndex = 0; path = weatherlrTests.xctest; sourceTree = BUILT_PRODUCTS_DIR; };
		6E2905401CB2D5550040EB8B /* weatherlrTests.swift */ = {isa = PBXFileReference; lastKnownFileType = sourcecode.swift; path = weatherlrTests.swift; sourceTree = "<group>"; };
		6E2905421CB2D5550040EB8B /* Info.plist */ = {isa = PBXFileReference; lastKnownFileType = text.plist.xml; path = Info.plist; sourceTree = "<group>"; };
		6E2905471CB2D5550040EB8B /* weatherlrUITests.xctest */ = {isa = PBXFileReference; explicitFileType = wrapper.cfbundle; includeInIndex = 0; path = weatherlrUITests.xctest; sourceTree = BUILT_PRODUCTS_DIR; };
		6E29054B1CB2D5550040EB8B /* weatherlrUITests.swift */ = {isa = PBXFileReference; lastKnownFileType = sourcecode.swift; path = weatherlrUITests.swift; sourceTree = "<group>"; };
		6E29054D1CB2D5550040EB8B /* Info.plist */ = {isa = PBXFileReference; lastKnownFileType = text.plist.xml; path = Info.plist; sourceTree = "<group>"; };
/* End PBXFileReference section */

/* Begin PBXFrameworksBuildPhase section */
		6E2905251CB2D5550040EB8B /* Frameworks */ = {
			isa = PBXFrameworksBuildPhase;
			buildActionMask = 2147483647;
			files = (
			);
			runOnlyForDeploymentPostprocessing = 0;
		};
		6E2905391CB2D5550040EB8B /* Frameworks */ = {
			isa = PBXFrameworksBuildPhase;
			buildActionMask = 2147483647;
			files = (
			);
			runOnlyForDeploymentPostprocessing = 0;
		};
		6E2905441CB2D5550040EB8B /* Frameworks */ = {
			isa = PBXFrameworksBuildPhase;
			buildActionMask = 2147483647;
			files = (
			);
			runOnlyForDeploymentPostprocessing = 0;
		};
/* End PBXFrameworksBuildPhase section */

/* Begin PBXGroup section */
		6E29051F1CB2D5550040EB8B = {
			isa = PBXGroup;
			children = (
				6E29052A1CB2D5550040EB8B /* weatherlr */,
				6E29053F1CB2D5550040EB8B /* weatherlrTests */,
				6E29054A1CB2D5550040EB8B /* weatherlrUITests */,
				6E2905291CB2D5550040EB8B /* Products */,
			);
			sourceTree = "<group>";
		};
		6E2905291CB2D5550040EB8B /* Products */ = {
			isa = PBXGroup;
			children = (
				6E2905281CB2D5550040EB8B /* weatherlr.app */,
				6E29053C1CB2D5550040EB8B /* weatherlrTests.xctest */,
				6E2905471CB2D5550040EB8B /* weatherlrUITests.xctest */,
			);
			name = Products;
			sourceTree = "<group>";
		};
		6E29052A1CB2D5550040EB8B /* weatherlr */ = {
			isa = PBXGroup;
			children = (
				6E29052B1CB2D5550040EB8B /* AppDelegate.swift */,
				6E29052D1CB2D5550040EB8B /* ViewController.swift */,
				6E29052F1CB2D5550040EB8B /* Main.storyboard */,
				6E2905321CB2D5550040EB8B /* Assets.xcassets */,
				6E2905341CB2D5550040EB8B /* LaunchScreen.storyboard */,
				6E2905371CB2D5550040EB8B /* Info.plist */,
			);
			path = weatherlr;
			sourceTree = "<group>";
		};
		6E29053F1CB2D5550040EB8B /* weatherlrTests */ = {
			isa = PBXGroup;
			children = (
				6E2905401CB2D5550040EB8B /* weatherlrTests.swift */,
				6E2905421CB2D5550040EB8B /* Info.plist */,
			);
			path = weatherlrTests;
			sourceTree = "<group>";
		};
		6E29054A1CB2D5550040EB8B /* weatherlrUITests */ = {
			isa = PBXGroup;
			children = (
				6E29054B1CB2D5550040EB8B /* weatherlrUITests.swift */,
				6E29054D1CB2D5550040EB8B /* Info.plist */,
			);
			path = weatherlrUITests;
			sourceTree = "<group>";
		};
/* End PBXGroup section */

/* Begin PBXNativeTarget section */
		6E2905271CB2D5550040EB8B /* weatherlr */ = {
			isa = PBXNativeTarget;
			buildConfigurationList = 6E2905501CB2D5550040EB8B /* Build configuration list for PBXNativeTarget "weatherlr" */;
			buildPhases = (
				6E2905241CB2D5550040EB8B /* Sources */,
				6E2905251CB2D5550040EB8B /* Frameworks */,
				6E2905261CB2D5550040EB8B /* Resources */,
			);
			buildRules = (
			);
			dependencies = (
			);
			name = weatherlr;
			productName = weatherlr;
			productReference = 6E2905281CB2D5550040EB8B /* weatherlr.app */;
			productType = "com.apple.product-type.application";
		};
		6E29053B1CB2D5550040EB8B /* weatherlrTests */ = {
			isa = PBXNativeTarget;
			buildConfigurationList = 6E2905531CB2D5550040EB8B /* Build configuration list for PBXNativeTarget "weatherlrTests" */;
			buildPhases = (
				6E2905381CB2D5550040EB8B /* Sources */,
				6E2905391CB2D5550040EB8B /* Frameworks */,
				6E29053A1CB2D5550040EB8B /* Resources */,
			);
			buildRules = (
			);
			dependencies = (
				6E29053E1CB2D5550040EB8B /* PBXTargetDependency */,
			);
			name = weatherlrTests;
			productName = weatherlrTests;
			productReference = 6E29053C1CB2D5550040EB8B /* weatherlrTests.xctest */;
			productType = "com.apple.product-type.bundle.unit-test";
		};
		6E2905461CB2D5550040EB8B /* weatherlrUITests */ = {
			isa = PBXNativeTarget;
			buildConfigurationList = 6E2905561CB2D5550040EB8B /* Build configuration list for PBXNativeTarget "weatherlrUITests" */;
			buildPhases = (
				6E2905431CB2D5550040EB8B /* Sources */,
				6E2905441CB2D5550040EB8B /* Frameworks */,
				6E2905451CB2D5550040EB8B /* Resources */,
			);
			buildRules = (
			);
			dependencies = (
				6E2905491CB2D5550040EB8B /* PBXTargetDependency */,
			);
			name = weatherlrUITests;
			productName = weatherlrUITests;
			productReference = 6E2905471CB2D5550040EB8B /* weatherlrUITests.xctest */;
			productType = "com.apple.product-type.bundle.ui-testing";
		};
/* End PBXNativeTarget section */

/* Begin PBXProject section */
		6E2905201CB2D5550040EB8B /* Project object */ = {
			isa = PBXProject;
			attributes = {
				LastSwiftUpdateCheck = 0730;
				LastUpgradeCheck = 0730;
				ORGANIZATIONNAME = "Jean-Francois Dufour";
				TargetAttributes = {
					6E2905271CB2D5550040EB8B = {
						CreatedOnToolsVersion = 7.3;
					};
					6E29053B1CB2D5550040EB8B = {
						CreatedOnToolsVersion = 7.3;
						TestTargetID = 6E2905271CB2D5550040EB8B;
					};
					6E2905461CB2D5550040EB8B = {
						CreatedOnToolsVersion = 7.3;
						TestTargetID = 6E2905271CB2D5550040EB8B;
					};
				};
			};
			buildConfigurationList = 6E2905231CB2D5550040EB8B /* Build configuration list for PBXProject "weatherlr" */;
			compatibilityVersion = "Xcode 3.2";
			developmentRegion = English;
			hasScannedForEncodings = 0;
			knownRegions = (
				en,
				Base,
			);
			mainGroup = 6E29051F1CB2D5550040EB8B;
			productRefGroup = 6E2905291CB2D5550040EB8B /* Products */;
			projectDirPath = "";
			projectRoot = "";
			targets = (
				6E2905271CB2D5550040EB8B /* weatherlr */,
				6E29053B1CB2D5550040EB8B /* weatherlrTests */,
				6E2905461CB2D5550040EB8B /* weatherlrUITests */,
			);
		};
/* End PBXProject section */

/* Begin PBXResourcesBuildPhase section */
		6E2905261CB2D5550040EB8B /* Resources */ = {
			isa = PBXResourcesBuildPhase;
			buildActionMask = 2147483647;
			files = (
				6E2905361CB2D5550040EB8B /* LaunchScreen.storyboard in Resources */,
				6E2905331CB2D5550040EB8B /* Assets.xcassets in Resources */,
				6E2905311CB2D5550040EB8B /* Main.storyboard in Resources */,
			);
			runOnlyForDeploymentPostprocessing = 0;
		};
		6E29053A1CB2D5550040EB8B /* Resources */ = {
			isa = PBXResourcesBuildPhase;
			buildActionMask = 2147483647;
			files = (
			);
			runOnlyForDeploymentPostprocessing = 0;
		};
		6E2905451CB2D5550040EB8B /* Resources */ = {
			isa = PBXResourcesBuildPhase;
			buildActionMask = 2147483647;
			files = (
			);
			runOnlyForDeploymentPostprocessing = 0;
		};
/* End PBXResourcesBuildPhase section */

/* Begin PBXSourcesBuildPhase section */
		6E2905241CB2D5550040EB8B /* Sources */ = {
			isa = PBXSourcesBuildPhase;
			buildActionMask = 2147483647;
			files = (
				6E29052E1CB2D5550040EB8B /* ViewController.swift in Sources */,
				6E29052C1CB2D5550040EB8B /* AppDelegate.swift in Sources */,
			);
			runOnlyForDeploymentPostprocessing = 0;
		};
		6E2905381CB2D5550040EB8B /* Sources */ = {
			isa = PBXSourcesBuildPhase;
			buildActionMask = 2147483647;
			files = (
				6E2905411CB2D5550040EB8B /* weatherlrTests.swift in Sources */,
			);
			runOnlyForDeploymentPostprocessing = 0;
		};
		6E2905431CB2D5550040EB8B /* Sources */ = {
			isa = PBXSourcesBuildPhase;
			buildActionMask = 2147483647;
			files = (
				6E29054C1CB2D5550040EB8B /* weatherlrUITests.swift in Sources */,
			);
			runOnlyForDeploymentPostprocessing = 0;
		};
/* End PBXSourcesBuildPhase section */

/* Begin PBXTargetDependency section */
		6E29053E1CB2D5550040EB8B /* PBXTargetDependency */ = {
			isa = PBXTargetDependency;
			target = 6E2905271CB2D5550040EB8B /* weatherlr */;
			targetProxy = 6E29053D1CB2D5550040EB8B /* PBXContainerItemProxy */;
		};
		6E2905491CB2D5550040EB8B /* PBXTargetDependency */ = {
			isa = PBXTargetDependency;
			target = 6E2905271CB2D5550040EB8B /* weatherlr */;
			targetProxy = 6E2905481CB2D5550040EB8B /* PBXContainerItemProxy */;
		};
/* End PBXTargetDependency section */

/* Begin PBXVariantGroup section */
		6E29052F1CB2D5550040EB8B /* Main.storyboard */ = {
			isa = PBXVariantGroup;
			children = (
				6E2905301CB2D5550040EB8B /* Base */,
			);
			name = Main.storyboard;
			sourceTree = "<group>";
		};
		6E2905341CB2D5550040EB8B /* LaunchScreen.storyboard */ = {
			isa = PBXVariantGroup;
			children = (
				6E2905351CB2D5550040EB8B /* Base */,
			);
			name = LaunchScreen.storyboard;
			sourceTree = "<group>";
		};
/* End PBXVariantGroup section */

/* Begin XCBuildConfiguration section */
		6E29054E1CB2D5550040EB8B /* Debug */ = {
			isa = XCBuildConfiguration;
			buildSettings = {
				ALWAYS_SEARCH_USER_PATHS = NO;
				CLANG_ANALYZER_NONNULL = YES;
				CLANG_CXX_LANGUAGE_STANDARD = "gnu++0x";
				CLANG_CXX_LIBRARY = "libc++";
				CLANG_ENABLE_MODULES = YES;
				CLANG_ENABLE_OBJC_ARC = YES;
				CLANG_WARN_BOOL_CONVERSION = YES;
				CLANG_WARN_CONSTANT_CONVERSION = YES;
				CLANG_WARN_DIRECT_OBJC_ISA_USAGE = YES_ERROR;
				CLANG_WARN_EMPTY_BODY = YES;
				CLANG_WARN_ENUM_CONVERSION = YES;
				CLANG_WARN_INT_CONVERSION = YES;
				CLANG_WARN_OBJC_ROOT_CLASS = YES_ERROR;
				CLANG_WARN_UNREACHABLE_CODE = YES;
				CLANG_WARN__DUPLICATE_METHOD_MATCH = YES;
				"CODE_SIGN_IDENTITY[sdk=iphoneos*]" = "iPhone Developer";
				COPY_PHASE_STRIP = NO;
				DEBUG_INFORMATION_FORMAT = dwarf;
				ENABLE_STRICT_OBJC_MSGSEND = YES;
				ENABLE_TESTABILITY = YES;
				GCC_C_LANGUAGE_STANDARD = gnu99;
				GCC_DYNAMIC_NO_PIC = NO;
				GCC_NO_COMMON_BLOCKS = YES;
				GCC_OPTIMIZATION_LEVEL = 0;
				GCC_PREPROCESSOR_DEFINITIONS = (
					"DEBUG=1",
					"$(inherited)",
				);
				GCC_WARN_64_TO_32_BIT_CONVERSION = YES;
				GCC_WARN_ABOUT_RETURN_TYPE = YES_ERROR;
				GCC_WARN_UNDECLARED_SELECTOR = YES;
				GCC_WARN_UNINITIALIZED_AUTOS = YES_AGGRESSIVE;
				GCC_WARN_UNUSED_FUNCTION = YES;
				GCC_WARN_UNUSED_VARIABLE = YES;
				IPHONEOS_DEPLOYMENT_TARGET = 9.3;
				MTL_ENABLE_DEBUG_INFO = YES;
				ONLY_ACTIVE_ARCH = YES;
				SDKROOT = iphoneos;
				SWIFT_OPTIMIZATION_LEVEL = "-Onone";
				TARGETED_DEVICE_FAMILY = "1,2";
			};
			name = Debug;
		};
		6E29054F1CB2D5550040EB8B /* Release */ = {
			isa = XCBuildConfiguration;
			buildSettings = {
				ALWAYS_SEARCH_USER_PATHS = NO;
				CLANG_ANALYZER_NONNULL = YES;
				CLANG_CXX_LANGUAGE_STANDARD = "gnu++0x";
				CLANG_CXX_LIBRARY = "libc++";
				CLANG_ENABLE_MODULES = YES;
				CLANG_ENABLE_OBJC_ARC = YES;
				CLANG_WARN_BOOL_CONVERSION = YES;
				CLANG_WARN_CONSTANT_CONVERSION = YES;
				CLANG_WARN_DIRECT_OBJC_ISA_USAGE = YES_ERROR;
				CLANG_WARN_EMPTY_BODY = YES;
				CLANG_WARN_ENUM_CONVERSION = YES;
				CLANG_WARN_INT_CONVERSION = YES;
				CLANG_WARN_OBJC_ROOT_CLASS = YES_ERROR;
				CLANG_WARN_UNREACHABLE_CODE = YES;
				CLANG_WARN__DUPLICATE_METHOD_MATCH = YES;
				"CODE_SIGN_IDENTITY[sdk=iphoneos*]" = "iPhone Developer";
				COPY_PHASE_STRIP = NO;
				DEBUG_INFORMATION_FORMAT = "dwarf-with-dsym";
				ENABLE_NS_ASSERTIONS = NO;
				ENABLE_STRICT_OBJC_MSGSEND = YES;
				GCC_C_LANGUAGE_STANDARD = gnu99;
				GCC_NO_COMMON_BLOCKS = YES;
				GCC_WARN_64_TO_32_BIT_CONVERSION = YES;
				GCC_WARN_ABOUT_RETURN_TYPE = YES_ERROR;
				GCC_WARN_UNDECLARED_SELECTOR = YES;
				GCC_WARN_UNINITIALIZED_AUTOS = YES_AGGRESSIVE;
				GCC_WARN_UNUSED_FUNCTION = YES;
				GCC_WARN_UNUSED_VARIABLE = YES;
				IPHONEOS_DEPLOYMENT_TARGET = 9.3;
				MTL_ENABLE_DEBUG_INFO = NO;
				SDKROOT = iphoneos;
				TARGETED_DEVICE_FAMILY = "1,2";
				VALIDATE_PRODUCT = YES;
			};
			name = Release;
		};
		6E2905511CB2D5550040EB8B /* Debug */ = {
			isa = XCBuildConfiguration;
			buildSettings = {
				ASSETCATALOG_COMPILER_APPICON_NAME = AppIcon;
				INFOPLIST_FILE = weatherlr/Info.plist;
				LD_RUNPATH_SEARCH_PATHS = "$(inherited) @executable_path/Frameworks";
				PRODUCT_BUNDLE_IDENTIFIER = com.massawippi.weatherlr;
				PRODUCT_NAME = "$(TARGET_NAME)";
			};
			name = Debug;
		};
		6E2905521CB2D5550040EB8B /* Release */ = {
			isa = XCBuildConfiguration;
			buildSettings = {
				ASSETCATALOG_COMPILER_APPICON_NAME = AppIcon;
				INFOPLIST_FILE = weatherlr/Info.plist;
				LD_RUNPATH_SEARCH_PATHS = "$(inherited) @executable_path/Frameworks";
				PRODUCT_BUNDLE_IDENTIFIER = com.massawippi.weatherlr;
				PRODUCT_NAME = "$(TARGET_NAME)";
			};
			name = Release;
		};
		6E2905541CB2D5550040EB8B /* Debug */ = {
			isa = XCBuildConfiguration;
			buildSettings = {
				BUNDLE_LOADER = "$(TEST_HOST)";
				INFOPLIST_FILE = weatherlrTests/Info.plist;
				LD_RUNPATH_SEARCH_PATHS = "$(inherited) @executable_path/Frameworks @loader_path/Frameworks";
				PRODUCT_BUNDLE_IDENTIFIER = com.massawippi.weatherlrTests;
				PRODUCT_NAME = "$(TARGET_NAME)";
				TEST_HOST = "$(BUILT_PRODUCTS_DIR)/weatherlr.app/weatherlr";
			};
			name = Debug;
		};
		6E2905551CB2D5550040EB8B /* Release */ = {
			isa = XCBuildConfiguration;
			buildSettings = {
				BUNDLE_LOADER = "$(TEST_HOST)";
				INFOPLIST_FILE = weatherlrTests/Info.plist;
				LD_RUNPATH_SEARCH_PATHS = "$(inherited) @executable_path/Frameworks @loader_path/Frameworks";
				PRODUCT_BUNDLE_IDENTIFIER = com.massawippi.weatherlrTests;
				PRODUCT_NAME = "$(TARGET_NAME)";
				TEST_HOST = "$(BUILT_PRODUCTS_DIR)/weatherlr.app/weatherlr";
			};
			name = Release;
		};
		6E2905571CB2D5550040EB8B /* Debug */ = {
			isa = XCBuildConfiguration;
			buildSettings = {
				INFOPLIST_FILE = weatherlrUITests/Info.plist;
				LD_RUNPATH_SEARCH_PATHS = "$(inherited) @executable_path/Frameworks @loader_path/Frameworks";
				PRODUCT_BUNDLE_IDENTIFIER = com.massawippi.weatherlrUITests;
				PRODUCT_NAME = "$(TARGET_NAME)";
				TEST_TARGET_NAME = weatherlr;
			};
			name = Debug;
		};
		6E2905581CB2D5550040EB8B /* Release */ = {
			isa = XCBuildConfiguration;
			buildSettings = {
				INFOPLIST_FILE = weatherlrUITests/Info.plist;
				LD_RUNPATH_SEARCH_PATHS = "$(inherited) @executable_path/Frameworks @loader_path/Frameworks";
				PRODUCT_BUNDLE_IDENTIFIER = com.massawippi.weatherlrUITests;
				PRODUCT_NAME = "$(TARGET_NAME)";
				TEST_TARGET_NAME = weatherlr;
			};
			name = Release;
		};
/* End XCBuildConfiguration section */

/* Begin XCConfigurationList section */
		6E2905231CB2D5550040EB8B /* Build configuration list for PBXProject "weatherlr" */ = {
			isa = XCConfigurationList;
			buildConfigurations = (
				6E29054E1CB2D5550040EB8B /* Debug */,
				6E29054F1CB2D5550040EB8B /* Release */,
			);
			defaultConfigurationIsVisible = 0;
			defaultConfigurationName = Release;
		};
		6E2905501CB2D5550040EB8B /* Build configuration list for PBXNativeTarget "weatherlr" */ = {
			isa = XCConfigurationList;
			buildConfigurations = (
				6E2905511CB2D5550040EB8B /* Debug */,
				6E2905521CB2D5550040EB8B /* Release */,
			);
			defaultConfigurationIsVisible = 0;
		};
		6E2905531CB2D5550040EB8B /* Build configuration list for PBXNativeTarget "weatherlrTests" */ = {
			isa = XCConfigurationList;
			buildConfigurations = (
				6E2905541CB2D5550040EB8B /* Debug */,
				6E2905551CB2D5550040EB8B /* Release */,
			);
			defaultConfigurationIsVisible = 0;
		};
		6E2905561CB2D5550040EB8B /* Build configuration list for PBXNativeTarget "weatherlrUITests" */ = {
			isa = XCConfigurationList;
			buildConfigurations = (
				6E2905571CB2D5550040EB8B /* Debug */,
				6E2905581CB2D5550040EB8B /* Release */,
			);
			defaultConfigurationIsVisible = 0;
		};
/* End XCConfigurationList section */
	};
	rootObject = 6E2905201CB2D5550040EB8B /* Project object */;
}
